// !$*UTF8*$!
{
	archiveVersion = 1;
	classes = {
	};
	objectVersion = 56;
	objects = {

/* Begin PBXBuildFile section */
		9A9231AF28486D51F5F76DF9 /* Assets.xcassets in Resources */ = {isa = PBXBuildFile; fileRef = 20F1EDAA6FD3BF4925F46E9E /* Assets.xcassets */; };
		032C475662369F85DD01F812 /* PrivacyInfo.xcprivacy in Resources */ = {isa = PBXBuildFile; fileRef = ABBC6D72457AC2BB8120EA26 /* PrivacyInfo.xcprivacy */; };
		619D6C686D71A8AFE52F83F0 /* AppDelegate.swift in Sources */ = {isa = PBXBuildFile; fileRef = EAC618C049BE4B9ADC30B025 /* AppDelegate.swift */; };
		DDFB5D6B2551FC1BEEE7F0E8 /* AppEnvironment.swift in Sources */ = {isa = PBXBuildFile; fileRef = 802F208DF2505FA8EC82DA69 /* AppEnvironment.swift */; };
		DDBBED0421C1C8D8574CB4C4 /* GalaxySportsEdgeApp.swift in Sources */ = {isa = PBXBuildFile; fileRef = E5C03AB80E8B7E688DCDEDA0 /* GalaxySportsEdgeApp.swift */; };
		B1A3DF2491E00878D805FD2D /* RootView.swift in Sources */ = {isa = PBXBuildFile; fileRef = 0C9CA5766360AB19CAA8C089 /* RootView.swift */; };
		13ED28C42AA16B28913890FD /* Components.swift in Sources */ = {isa = PBXBuildFile; fileRef = 75A377B6187D93A171C1C9B4 /* Components.swift */; };
		6CC9F7683F6EA7A9325BB67B /* Formatting.swift in Sources */ = {isa = PBXBuildFile; fileRef = 1F525F86AAD4A864140CB8B0 /* Formatting.swift */; };
		707964B06763AF482C3B2BDD /* Theme.swift in Sources */ = {isa = PBXBuildFile; fileRef = 0F0F4B2506FF2F512B5DD47F /* Theme.swift */; };
		3E00AE12B1874317727B7F41 /* APIClient.swift in Sources */ = {isa = PBXBuildFile; fileRef = 43103F0556F3EAFBD40BA102 /* APIClient.swift */; };
		895E8894221E4C5E06CE4039 /* APIError.swift in Sources */ = {isa = PBXBuildFile; fileRef = 07EC18CAED937EEE49F158E0 /* APIError.swift */; };
		21BD55AC40A4D16331E8F641 /* Endpoint.swift in Sources */ = {isa = PBXBuildFile; fileRef = DDE839F48733F61A430D7EE0 /* Endpoint.swift */; };
		9A84ED32FBA0E66A358D9D16 /* Envelope.swift in Sources */ = {isa = PBXBuildFile; fileRef = 84D94EB8E642EA3A46ECB712 /* Envelope.swift */; };
		15CDA13093425FEABF363506 /* LiveSportsService.swift in Sources */ = {isa = PBXBuildFile; fileRef = 75A2C856AFF7067DE0D8A159 /* LiveSportsService.swift */; };
		BE0BC42E58596FD395004B20 /* MockFixtures.swift in Sources */ = {isa = PBXBuildFile; fileRef = 66E576987A7AEE0D7424CB27 /* MockFixtures.swift */; };
		01EA66133BA0ECD30CD872EC /* MockSportsService.swift in Sources */ = {isa = PBXBuildFile; fileRef = 7B970BF205C75294750AF9A9 /* MockSportsService.swift */; };
		742BF7B8C651F8CB67C3A19A /* SportsService.swift in Sources */ = {isa = PBXBuildFile; fileRef = 8E7E5992D59C8B2490B9E3A3 /* SportsService.swift */; };
		23B6D950F10DFD82E9673F55 /* DeleteAccountView.swift in Sources */ = {isa = PBXBuildFile; fileRef = 3EDB8957A7D5E1C151161868 /* DeleteAccountView.swift */; };
		FF5418CF3794C97606890080 /* ArticleDetailView.swift in Sources */ = {isa = PBXBuildFile; fileRef = 3938A7B9BED2B3586333EE0F /* ArticleDetailView.swift */; };
		ED99BD8BA3F86E82952BF813 /* ArticlesView.swift in Sources */ = {isa = PBXBuildFile; fileRef = FBCBE4FE8E68D572B37B52CC /* ArticlesView.swift */; };
		D3DE05635C004CC56745C4D7 /* AddBetView.swift in Sources */ = {isa = PBXBuildFile; fileRef = 0F50C081FA1088C57288E26B /* AddBetView.swift */; };
		DC8D64407C47D69B7A3835BF /* MyBetsView.swift in Sources */ = {isa = PBXBuildFile; fileRef = 952013B602D7136D69AEEB21 /* MyBetsView.swift */; };
		42744A65178221709EE0C4F3 /* PaywallView.swift in Sources */ = {isa = PBXBuildFile; fileRef = 33BBF5D68552196C0B3F8DCD /* PaywallView.swift */; };
		5616A87D51CF9DD2D9BA555A /* AskTheEdgeView.swift in Sources */ = {isa = PBXBuildFile; fileRef = 49C3B8C81357232A22A331BC /* AskTheEdgeView.swift */; };
		883B4AE7ED5EA06BCCE98B75 /* PickCard.swift in Sources */ = {isa = PBXBuildFile; fileRef = 73C3DA60172B5956CC268EDF /* PickCard.swift */; };
		8DA02D00EBEC8FD1E9A5DD19 /* PickDetailView.swift in Sources */ = {isa = PBXBuildFile; fileRef = 2059227177A28DB6B751FB08 /* PickDetailView.swift */; };
		C864DC4DC215191D95BB6D32 /* PicksView.swift in Sources */ = {isa = PBXBuildFile; fileRef = B74E1048C9A09F837AB9607C /* PicksView.swift */; };
		C3AD37AD1AF832DE2871BB2E /* PicksViewModel.swift in Sources */ = {isa = PBXBuildFile; fileRef = 8C4A78BC284084C579AEE21B /* PicksViewModel.swift */; };
		96D22A81F894908CD78BDA0A /* ProfileView.swift in Sources */ = {isa = PBXBuildFile; fileRef = CF4544AB112EBB1B0C844378 /* ProfileView.swift */; };
		6F2AF222C2AC43C437A2F2E8 /* SignInView.swift in Sources */ = {isa = PBXBuildFile; fileRef = 3CA213717DAC21FF4A9D035C /* SignInView.swift */; };
		60D3E5FE6291011B0FF82D0F /* ScoresView.swift in Sources */ = {isa = PBXBuildFile; fileRef = B93839325BBEB4FDE87DB7C9 /* ScoresView.swift */; };
		938E660C40C9145869D9AF2D /* ScoresViewModel.swift in Sources */ = {isa = PBXBuildFile; fileRef = E3DF26CA8835DD6E7384AEB1 /* ScoresViewModel.swift */; };
		DA5D13F848655BFA7CE1F671 /* BrowserSheet.swift in Sources */ = {isa = PBXBuildFile; fileRef = B88825E4CF9B57429C7BC3F1 /* BrowserSheet.swift */; };
		1788C1DACB04E7A99667B906 /* AuthSession.swift in Sources */ = {isa = PBXBuildFile; fileRef = 0B65666CFE524E56D1088669 /* AuthSession.swift */; };
		343B03437BF17FEF8C70EC07 /* SessionCookieStore.swift in Sources */ = {isa = PBXBuildFile; fileRef = 6E1FF85E5B2E9499D1CB31C8 /* SessionCookieStore.swift */; };
		050F117E057D4160BDBCCE7D /* SignInWebView.swift in Sources */ = {isa = PBXBuildFile; fileRef = E55F36973B1FFABE5F7DB6D3 /* SignInWebView.swift */; };
		2A553A8E6809D99A48F466DC /* AppConfiguration.swift in Sources */ = {isa = PBXBuildFile; fileRef = D1B9E8B45A8715DA851185DA /* AppConfiguration.swift */; };
		58B00A46522CD7316C74EB58 /* DTOs.swift in Sources */ = {isa = PBXBuildFile; fileRef = 634591BA15A8D9F02ED9EAF8 /* DTOs.swift */; };
		DFFA78873A721800F8E4B94D /* Models.swift in Sources */ = {isa = PBXBuildFile; fileRef = 1F39800F6C60F571F736D785 /* Models.swift */; };
		67CA2A798FE3FD2A4A59DDD8 /* OddsMath.swift in Sources */ = {isa = PBXBuildFile; fileRef = EA7EEEAD61D9CDFF87E2849F /* OddsMath.swift */; };
		A1F53B437D31A2A6CB41E671 /* BetStore.swift in Sources */ = {isa = PBXBuildFile; fileRef = 422A8ECB93D7BB8859853251 /* BetStore.swift */; };
		96716637535EBBB7799A4CAE /* JSONFileStore.swift in Sources */ = {isa = PBXBuildFile; fileRef = 06E057A95E38494DA39F6453 /* JSONFileStore.swift */; };
		1232682D77E82B306BB4340B /* Keychain.swift in Sources */ = {isa = PBXBuildFile; fileRef = 5CFE6520B50BE767E1A627FF /* Keychain.swift */; };
		40AA9410D73590CAC8C79F9C /* SavedPicksStore.swift in Sources */ = {isa = PBXBuildFile; fileRef = CA23729FBE92E83BDA260784 /* SavedPicksStore.swift */; };
		0322140AC5381EFCF10F50BC /* PushNotificationManager.swift in Sources */ = {isa = PBXBuildFile; fileRef = B5FE70FEF31070E3B799BFDF /* PushNotificationManager.swift */; };
		E2DAA2D91E5D3A8D79496980 /* SubscriptionStore.swift in Sources */ = {isa = PBXBuildFile; fileRef = 538C3CF38EDA3BB01D527EB8 /* SubscriptionStore.swift */; };
		AC2C955FFF87A4874984050E /* BetStoreTests.swift in Sources */ = {isa = PBXBuildFile; fileRef = 0303219ABC31B1A256DC9ECD /* BetStoreTests.swift */; };
		47C5201B525EFFEAD561A66F /* DomainTests.swift in Sources */ = {isa = PBXBuildFile; fileRef = 8741093A72C3E6EA5094066B /* DomainTests.swift */; };
		D67DD7BE6D0D3250677CA23D /* NetworkingTests.swift in Sources */ = {isa = PBXBuildFile; fileRef = B74582BE770A814411AB4854 /* NetworkingTests.swift */; };
		CD6204B6EE063ADF4439428B /* OddsMathTests.swift in Sources */ = {isa = PBXBuildFile; fileRef = 006EA4ED4178ED73F2D2D4E1 /* OddsMathTests.swift */; };
		D44F782DD7EAF78D6BA01682 /* PickDecodingTests.swift in Sources */ = {isa = PBXBuildFile; fileRef = 6FAB79FD92E04ADE107B9B7A /* PickDecodingTests.swift */; };
		5D7A38111548BA41170FDAC6 /* StubSportsService.swift in Sources */ = {isa = PBXBuildFile; fileRef = 8223312086E839046CD61777 /* StubSportsService.swift */; };
		0E07DCF3F8BD7EDF1986ED50 /* ViewModelTests.swift in Sources */ = {isa = PBXBuildFile; fileRef = 40B385B38536A1C406DA3D65 /* ViewModelTests.swift */; };
/* End PBXBuildFile section */

/* Begin PBXContainerItemProxy section */
		F5A232D6F3D9128DD1DDA283 /* PBXContainerItemProxy */ = {
			isa = PBXContainerItemProxy;
			containerPortal = 244210E48437B6556980A702 /* Project object */;
			proxyType = 1;
			remoteGlobalIDString = AF08D1D9139071751AF61769;
			remoteInfo = GalaxySportsEdge;
		};
/* End PBXContainerItemProxy section */

/* Begin PBXFileReference section */
		20F1EDAA6FD3BF4925F46E9E /* Assets.xcassets */ = {isa = PBXFileReference; lastKnownFileType = folder.assetcatalog; path = Assets.xcassets; sourceTree = "<group>"; };
		E19BE210E061B40340050BB4 /* Info.plist */ = {isa = PBXFileReference; lastKnownFileType = text.plist.xml; path = Info.plist; sourceTree = "<group>"; };
		ABBC6D72457AC2BB8120EA26 /* PrivacyInfo.xcprivacy */ = {isa = PBXFileReference; lastKnownFileType = text.plist.xml; path = PrivacyInfo.xcprivacy; sourceTree = "<group>"; };
		EAC618C049BE4B9ADC30B025 /* AppDelegate.swift */ = {isa = PBXFileReference; lastKnownFileType = sourcecode.swift; path = AppDelegate.swift; sourceTree = "<group>"; };
		802F208DF2505FA8EC82DA69 /* AppEnvironment.swift */ = {isa = PBXFileReference; lastKnownFileType = sourcecode.swift; path = AppEnvironment.swift; sourceTree = "<group>"; };
		E5C03AB80E8B7E688DCDEDA0 /* GalaxySportsEdgeApp.swift */ = {isa = PBXFileReference; lastKnownFileType = sourcecode.swift; path = GalaxySportsEdgeApp.swift; sourceTree = "<group>"; };
		0C9CA5766360AB19CAA8C089 /* RootView.swift */ = {isa = PBXFileReference; lastKnownFileType = sourcecode.swift; path = RootView.swift; sourceTree = "<group>"; };
		75A377B6187D93A171C1C9B4 /* Components.swift */ = {isa = PBXFileReference; lastKnownFileType = sourcecode.swift; path = Components.swift; sourceTree = "<group>"; };
		1F525F86AAD4A864140CB8B0 /* Formatting.swift */ = {isa = PBXFileReference; lastKnownFileType = sourcecode.swift; path = Formatting.swift; sourceTree = "<group>"; };
		0F0F4B2506FF2F512B5DD47F /* Theme.swift */ = {isa = PBXFileReference; lastKnownFileType = sourcecode.swift; path = Theme.swift; sourceTree = "<group>"; };
		43103F0556F3EAFBD40BA102 /* APIClient.swift */ = {isa = PBXFileReference; lastKnownFileType = sourcecode.swift; path = APIClient.swift; sourceTree = "<group>"; };
		07EC18CAED937EEE49F158E0 /* APIError.swift */ = {isa = PBXFileReference; lastKnownFileType = sourcecode.swift; path = APIError.swift; sourceTree = "<group>"; };
		DDE839F48733F61A430D7EE0 /* Endpoint.swift */ = {isa = PBXFileReference; lastKnownFileType = sourcecode.swift; path = Endpoint.swift; sourceTree = "<group>"; };
		84D94EB8E642EA3A46ECB712 /* Envelope.swift */ = {isa = PBXFileReference; lastKnownFileType = sourcecode.swift; path = Envelope.swift; sourceTree = "<group>"; };
		75A2C856AFF7067DE0D8A159 /* LiveSportsService.swift */ = {isa = PBXFileReference; lastKnownFileType = sourcecode.swift; path = LiveSportsService.swift; sourceTree = "<group>"; };
		66E576987A7AEE0D7424CB27 /* MockFixtures.swift */ = {isa = PBXFileReference; lastKnownFileType = sourcecode.swift; path = MockFixtures.swift; sourceTree = "<group>"; };
		7B970BF205C75294750AF9A9 /* MockSportsService.swift */ = {isa = PBXFileReference; lastKnownFileType = sourcecode.swift; path = MockSportsService.swift; sourceTree = "<group>"; };
		8E7E5992D59C8B2490B9E3A3 /* SportsService.swift */ = {isa = PBXFileReference; lastKnownFileType = sourcecode.swift; path = SportsService.swift; sourceTree = "<group>"; };
		3EDB8957A7D5E1C151161868 /* DeleteAccountView.swift */ = {isa = PBXFileReference; lastKnownFileType = sourcecode.swift; path = DeleteAccountView.swift; sourceTree = "<group>"; };
		3938A7B9BED2B3586333EE0F /* ArticleDetailView.swift */ = {isa = PBXFileReference; lastKnownFileType = sourcecode.swift; path = ArticleDetailView.swift; sourceTree = "<group>"; };
		FBCBE4FE8E68D572B37B52CC /* ArticlesView.swift */ = {isa = PBXFileReference; lastKnownFileType = sourcecode.swift; path = ArticlesView.swift; sourceTree = "<group>"; };
		0F50C081FA1088C57288E26B /* AddBetView.swift */ = {isa = PBXFileReference; lastKnownFileType = sourcecode.swift; path = AddBetView.swift; sourceTree = "<group>"; };
		952013B602D7136D69AEEB21 /* MyBetsView.swift */ = {isa = PBXFileReference; lastKnownFileType = sourcecode.swift; path = MyBetsView.swift; sourceTree = "<group>"; };
		33BBF5D68552196C0B3F8DCD /* PaywallView.swift */ = {isa = PBXFileReference; lastKnownFileType = sourcecode.swift; path = PaywallView.swift; sourceTree = "<group>"; };
		49C3B8C81357232A22A331BC /* AskTheEdgeView.swift */ = {isa = PBXFileReference; lastKnownFileType = sourcecode.swift; path = AskTheEdgeView.swift; sourceTree = "<group>"; };
		73C3DA60172B5956CC268EDF /* PickCard.swift */ = {isa = PBXFileReference; lastKnownFileType = sourcecode.swift; path = PickCard.swift; sourceTree = "<group>"; };
		2059227177A28DB6B751FB08 /* PickDetailView.swift */ = {isa = PBXFileReference; lastKnownFileType = sourcecode.swift; path = PickDetailView.swift; sourceTree = "<group>"; };
		B74E1048C9A09F837AB9607C /* PicksView.swift */ = {isa = PBXFileReference; lastKnownFileType = sourcecode.swift; path = PicksView.swift; sourceTree = "<group>"; };
		8C4A78BC284084C579AEE21B /* PicksViewModel.swift */ = {isa = PBXFileReference; lastKnownFileType = sourcecode.swift; path = PicksViewModel.swift; sourceTree = "<group>"; };
		CF4544AB112EBB1B0C844378 /* ProfileView.swift */ = {isa = PBXFileReference; lastKnownFileType = sourcecode.swift; path = ProfileView.swift; sourceTree = "<group>"; };
		3CA213717DAC21FF4A9D035C /* SignInView.swift */ = {isa = PBXFileReference; lastKnownFileType = sourcecode.swift; path = SignInView.swift; sourceTree = "<group>"; };
		B93839325BBEB4FDE87DB7C9 /* ScoresView.swift */ = {isa = PBXFileReference; lastKnownFileType = sourcecode.swift; path = ScoresView.swift; sourceTree = "<group>"; };
		E3DF26CA8835DD6E7384AEB1 /* ScoresViewModel.swift */ = {isa = PBXFileReference; lastKnownFileType = sourcecode.swift; path = ScoresViewModel.swift; sourceTree = "<group>"; };
		B88825E4CF9B57429C7BC3F1 /* BrowserSheet.swift */ = {isa = PBXFileReference; lastKnownFileType = sourcecode.swift; path = BrowserSheet.swift; sourceTree = "<group>"; };
		0B65666CFE524E56D1088669 /* AuthSession.swift */ = {isa = PBXFileReference; lastKnownFileType = sourcecode.swift; path = AuthSession.swift; sourceTree = "<group>"; };
		6E1FF85E5B2E9499D1CB31C8 /* SessionCookieStore.swift */ = {isa = PBXFileReference; lastKnownFileType = sourcecode.swift; path = SessionCookieStore.swift; sourceTree = "<group>"; };
		E55F36973B1FFABE5F7DB6D3 /* SignInWebView.swift */ = {isa = PBXFileReference; lastKnownFileType = sourcecode.swift; path = SignInWebView.swift; sourceTree = "<group>"; };
		D1B9E8B45A8715DA851185DA /* AppConfiguration.swift */ = {isa = PBXFileReference; lastKnownFileType = sourcecode.swift; path = AppConfiguration.swift; sourceTree = "<group>"; };
		634591BA15A8D9F02ED9EAF8 /* DTOs.swift */ = {isa = PBXFileReference; lastKnownFileType = sourcecode.swift; path = DTOs.swift; sourceTree = "<group>"; };
		1F39800F6C60F571F736D785 /* Models.swift */ = {isa = PBXFileReference; lastKnownFileType = sourcecode.swift; path = Models.swift; sourceTree = "<group>"; };
		EA7EEEAD61D9CDFF87E2849F /* OddsMath.swift */ = {isa = PBXFileReference; lastKnownFileType = sourcecode.swift; path = OddsMath.swift; sourceTree = "<group>"; };
		422A8ECB93D7BB8859853251 /* BetStore.swift */ = {isa = PBXFileReference; lastKnownFileType = sourcecode.swift; path = BetStore.swift; sourceTree = "<group>"; };
		06E057A95E38494DA39F6453 /* JSONFileStore.swift */ = {isa = PBXFileReference; lastKnownFileType = sourcecode.swift; path = JSONFileStore.swift; sourceTree = "<group>"; };
		5CFE6520B50BE767E1A627FF /* Keychain.swift */ = {isa = PBXFileReference; lastKnownFileType = sourcecode.swift; path = Keychain.swift; sourceTree = "<group>"; };
		CA23729FBE92E83BDA260784 /* SavedPicksStore.swift */ = {isa = PBXFileReference; lastKnownFileType = sourcecode.swift; path = SavedPicksStore.swift; sourceTree = "<group>"; };
		B5FE70FEF31070E3B799BFDF /* PushNotificationManager.swift */ = {isa = PBXFileReference; lastKnownFileType = sourcecode.swift; path = PushNotificationManager.swift; sourceTree = "<group>"; };
		538C3CF38EDA3BB01D527EB8 /* SubscriptionStore.swift */ = {isa = PBXFileReference; lastKnownFileType = sourcecode.swift; path = SubscriptionStore.swift; sourceTree = "<group>"; };
		C94E6C79E05365CBCED7B5FE /* GalaxySportsEdge.app */ = {isa = PBXFileReference; explicitFileType = wrapper.application; includeInIndex = 0; path = GalaxySportsEdge.app; sourceTree = BUILT_PRODUCTS_DIR; };
		0303219ABC31B1A256DC9ECD /* BetStoreTests.swift */ = {isa = PBXFileReference; lastKnownFileType = sourcecode.swift; path = BetStoreTests.swift; sourceTree = "<group>"; };
		8741093A72C3E6EA5094066B /* DomainTests.swift */ = {isa = PBXFileReference; lastKnownFileType = sourcecode.swift; path = DomainTests.swift; sourceTree = "<group>"; };
		B74582BE770A814411AB4854 /* NetworkingTests.swift */ = {isa = PBXFileReference; lastKnownFileType = sourcecode.swift; path = NetworkingTests.swift; sourceTree = "<group>"; };
		006EA4ED4178ED73F2D2D4E1 /* OddsMathTests.swift */ = {isa = PBXFileReference; lastKnownFileType = sourcecode.swift; path = OddsMathTests.swift; sourceTree = "<group>"; };
		6FAB79FD92E04ADE107B9B7A /* PickDecodingTests.swift */ = {isa = PBXFileReference; lastKnownFileType = sourcecode.swift; path = PickDecodingTests.swift; sourceTree = "<group>"; };
		8223312086E839046CD61777 /* StubSportsService.swift */ = {isa = PBXFileReference; lastKnownFileType = sourcecode.swift; path = StubSportsService.swift; sourceTree = "<group>"; };
		40B385B38536A1C406DA3D65 /* ViewModelTests.swift */ = {isa = PBXFileReference; lastKnownFileType = sourcecode.swift; path = ViewModelTests.swift; sourceTree = "<group>"; };
		5025B334F0F1FEBEA11B38CB /* GalaxySportsEdgeTests.xctest */ = {isa = PBXFileReference; explicitFileType = wrapper.cfbundle; includeInIndex = 0; path = GalaxySportsEdgeTests.xctest; sourceTree = BUILT_PRODUCTS_DIR; };
/* End PBXFileReference section */

/* Begin PBXFrameworksBuildPhase section */
		D6EABF6AA34E70A634B84DB0 /* Frameworks */ = {
			isa = PBXFrameworksBuildPhase;
			buildActionMask = [PHONE];
			files = (
			);
			runOnlyForDeploymentPostprocessing = 0;
		};
		6FFA50FE6E1B7F6FDCE2C025 /* Frameworks */ = {
			isa = PBXFrameworksBuildPhase;
			buildActionMask = [PHONE];
			files = (
			);
			runOnlyForDeploymentPostprocessing = 0;
		};
/* End PBXFrameworksBuildPhase section */

/* Begin PBXGroup section */
		1624E51FBA7E3708A2669413 = {
			isa = PBXGroup;
			children = (
				21FBDFE990825342940A7227 /* GalaxySportsEdge */,
				3E17CEF93F7A2318599144D4 /* GalaxySportsEdgeTests */,
			);
			sourceTree = "<group>";
		};

		1190A5D32F01D0D71382B7C3 /* Products */ = {
			isa = PBXGroup;
			children = (
				C94E6C79E05365CBCED7B5FE /* GalaxySportsEdge */,
				5025B334F0F1FEBEA11B38CB /* GalaxySportsEdgeTests */,
			);
			name = Products;
			sourceTree = "<group>";
		};

		21FBDFE990825342940A7227 /* GalaxySportsEdge */ = {
			isa = PBXGroup;
			children = (
				3F2792FA01DBDEDA62812652 /* App */,
				59AACB36CC81ADBC5A0FF511 /* Core/Design */,
				9E3EFE350CA37F6B09175F1A /* Core/Networking */,
				BC8CF19C4C15CD6FB6260144 /* Core/Services */,
				89C4E55879CCD674AB33898C /* Features/Account */,
				587EAFFF319CF6DD28D6B54D /* Features/Articles */,
				02D22D504F8C71E14414D2B6 /* Features/MyBets */,
				097FF240F55920C019A2309C /* Features/Paywall */,
				C260DB2AB56116F4796B2CC4 /* Features/Picks */,
				7338181C62495E74621BEDA7 /* Features/Profile */,
				8737888334D7A44EF2C6ED58 /* Features/Scores */,
				151DC53A69BDCC0A282EEBDE /* Features/Support */,
				5B99B2B5449A0B49DA46AA18 /* Platform/Auth */,
				66A163934BBE3F10A7FE259E /* Platform/Config */,
				62F82B8BD95D0CADAFDB5C9C /* Platform/Domain */,
				5563D11E163B24D91475B2BA /* Platform/Persistence */,
				5CB9EEF072D14E005E3896F9 /* Platform/Push */,
				4DCE26800586F85C958804D0 /* Platform/Subscription */,
				20F1EDAA6FD3BF4925F46E9E /* Assets.xcassets */,
				E19BE210E061B40340050BB4 /* Info.plist */,
				ABBC6D72457AC2BB8120EA26 /* PrivacyInfo.xcprivacy */,
			);
			name = GalaxySportsEdge;
			path = GalaxySportsEdge;
			sourceTree = "<group>";
		};

		3F2792FA01DBDEDA62812652 /* App */ = {
			isa = PBXGroup;
			children = (
				EAC618C049BE4B9ADC30B025 /* AppDelegate.swift */,
				802F208DF2505FA8EC82DA69 /* AppEnvironment.swift */,
				E5C03AB80E8B7E688DCDEDA0 /* GalaxySportsEdgeApp.swift */,
				0C9CA5766360AB19CAA8C089 /* RootView.swift */,
			);
			name = App;
			path = App;
			sourceTree = "<group>";
		};

		59AACB36CC81ADBC5A0FF511 /* Core/Design */ = {
			isa = PBXGroup;
			children = (
				75A377B6187D93A171C1C9B4 /* Components.swift */,
				1F525F86AAD4A864140CB8B0 /* Formatting.swift */,
				0F0F4B2506FF2F512B5DD47F /* Theme.swift */,
			);
			name = Core/Design;
			path = Core/Design;
			sourceTree = "<group>";
		};

		9E3EFE350CA37F6B09175F1A /* Core/Networking */ = {
			isa = PBXGroup;
			children = (
				43103F0556F3EAFBD40BA102 /* APIClient.swift */,
				07EC18CAED937EEE49F158E0 /* APIError.swift */,
				DDE839F48733F61A430D7EE0 /* Endpoint.swift */,
				84D94EB8E642EA3A46ECB712 /* Envelope.swift */,
			);
			name = Core/Networking;
			path = Core/Networking;
			sourceTree = "<group>";
		};

		BC8CF19C4C15CD6FB6260144 /* Core/Services */ = {
			isa = PBXGroup;
			children = (
				75A2C856AFF7067DE0D8A159 /* LiveSportsService.swift */,
				66E576987A7AEE0D7424CB27 /* MockFixtures.swift */,
				7B970BF205C75294750AF9A9 /* MockSportsService.swift */,
				8E7E5992D59C8B2490B9E3A3 /* SportsService.swift */,
			);
			name = Core/Services;
			path = Core/Services;
			sourceTree = "<group>";
		};

		89C4E55879CCD674AB33898C /* Features/Account */ = {
			isa = PBXGroup;
			children = (
				3EDB8957A7D5E1C151161868 /* DeleteAccountView.swift */,
			);
			name = Features/Account;
			path = Features/Account;
			sourceTree = "<group>";
		};

		587EAFFF319CF6DD28D6B54D /* Features/Articles */ = {
			isa = PBXGroup;
			children = (
				3938A7B9BED2B3586333EE0F /* ArticleDetailView.swift */,
				FBCBE4FE8E68D572B37B52CC /* ArticlesView.swift */,
			);
			name = Features/Articles;
			path = Features/Articles;
			sourceTree = "<group>";
		};

		02D22D504F8C71E14414D2B6 /* Features/MyBets */ = {
			isa = PBXGroup;
			children = (
				0F50C081FA1088C57288E26B /* AddBetView.swift */,
				952013B602D7136D69AEEB21 /* MyBetsView.swift */,
			);
			name = Features/MyBets;
			path = Features/MyBets;
			sourceTree = "<group>";
		};

		097FF240F55920C019A2309C /* Features/Paywall */ = {
			isa = PBXGroup;
			children = (
				33BBF5D68552196C0B3F8DCD /* PaywallView.swift */,
			);
			name = Features/Paywall;
			path = Features/Paywall;
			sourceTree = "<group>";
		};

		C260DB2AB56116F4796B2CC4 /* Features/Picks */ = {
			isa = PBXGroup;
			children = (
				49C3B8C81357232A22A331BC /* AskTheEdgeView.swift */,
				73C3DA60172B5956CC268EDF /* PickCard.swift */,
				2059227177A28DB6B751FB08 /* PickDetailView.swift */,
				B74E1048C9A09F837AB9607C /* PicksView.swift */,
				8C4A78BC284084C579AEE21B /* PicksViewModel.swift */,
			);
			name = Features/Picks;
			path = Features/Picks;
			sourceTree = "<group>";
		};

		7338181C62495E74621BEDA7 /* Features/Profile */ = {
			isa = PBXGroup;
			children = (
				CF4544AB112EBB1B0C844378 /* ProfileView.swift */,
				3CA213717DAC21FF4A9D035C /* SignInView.swift */,
			);
			name = Features/Profile;
			path = Features/Profile;
			sourceTree = "<group>";
		};

		8737888334D7A44EF2C6ED58 /* Features/Scores */ = {
			isa = PBXGroup;
			children = (
				B93839325BBEB4FDE87DB7C9 /* ScoresView.swift */,
				E3DF26CA8835DD6E7384AEB1 /* ScoresViewModel.swift */,
			);
			name = Features/Scores;
			path = Features/Scores;
			sourceTree = "<group>";
		};

		151DC53A69BDCC0A282EEBDE /* Features/Support */ = {
			isa = PBXGroup;
			children = (
				B88825E4CF9B57429C7BC3F1 /* BrowserSheet.swift */,
			);
			name = Features/Support;
			path = Features/Support;
			sourceTree = "<group>";
		};

		5B99B2B5449A0B49DA46AA18 /* Platform/Auth */ = {
			isa = PBXGroup;
			children = (
				0B65666CFE524E56D1088669 /* AuthSession.swift */,
				6E1FF85E5B2E9499D1CB31C8 /* SessionCookieStore.swift */,
				E55F36973B1FFABE5F7DB6D3 /* SignInWebView.swift */,
			);
			name = Platform/Auth;
			path = Platform/Auth;
			sourceTree = "<group>";
		};

		66A163934BBE3F10A7FE259E /* Platform/Config */ = {
			isa = PBXGroup;
			children = (
				D1B9E8B45A8715DA851185DA /* AppConfiguration.swift */,
			);
			name = Platform/Config;
			path = Platform/Config;
			sourceTree = "<group>";
		};

		62F82B8BD95D0CADAFDB5C9C /* Platform/Domain */ = {
			isa = PBXGroup;
			children = (
				634591BA15A8D9F02ED9EAF8 /* DTOs.swift */,
				1F39800F6C60F571F736D785 /* Models.swift */,
				EA7EEEAD61D9CDFF87E2849F /* OddsMath.swift */,
			);
			name = Platform/Domain;
			path = Platform/Domain;
			sourceTree = "<group>";
		};

		5563D11E163B24D91475B2BA /* Platform/Persistence */ = {
			isa = PBXGroup;
			children = (
				422A8ECB93D7BB8859853251 /* BetStore.swift */,
				06E057A95E38494DA39F6453 /* JSONFileStore.swift */,
				5CFE6520B50BE767E1A627FF /* Keychain.swift */,
				CA23729FBE92E83BDA260784 /* SavedPicksStore.swift */,
			);
			name = Platform/Persistence;
			path = Platform/Persistence;
			sourceTree = "<group>";
		};

		5CB9EEF072D14E005E3896F9 /* Platform/Push */ = {
			isa = PBXGroup;
			children = (
				B5FE70FEF31070E3B799BFDF /* PushNotificationManager.swift */,
			);
			name = Platform/Push;
			path = Platform/Push;
			sourceTree = "<group>";
		};

		4DCE26800586F85C958804D0 /* Platform/Subscription */ = {
			isa = PBXGroup;
			children = (
				538C3CF38EDA3BB01D527EB8 /* SubscriptionStore.swift */,
			);
			name = Platform/Subscription;
			path = Platform/Subscription;
			sourceTree = "<group>";
		};

		3E17CEF93F7A2318599144D4 /* GalaxySportsEdgeTests */ = {
			isa = PBXGroup;
			children = (
				0303219ABC31B1A256DC9ECD /* BetStoreTests.swift */,
				8741093A72C3E6EA5094066B /* DomainTests.swift */,
				B74582BE770A814411AB4854 /* NetworkingTests.swift */,
				006EA4ED4178ED73F2D2D4E1 /* OddsMathTests.swift */,
				6FAB79FD92E04ADE107B9B7A /* PickDecodingTests.swift */,
				8223312086E839046CD61777 /* StubSportsService.swift */,
				40B385B38536A1C406DA3D65 /* ViewModelTests.swift */,
			);
			name = GalaxySportsEdgeTests;
			path = GalaxySportsEdgeTests;
			sourceTree = "<group>";
		};
/* End PBXGroup section */

/* Begin PBXNativeTarget section */
		AF08D1D9139071751AF61769 /* GalaxySportsEdge */ = {
			isa = PBXNativeTarget;
			buildConfigurationList = 2DB40470909271F41E972B1D /* Build configuration list for PBXNativeTarget "GalaxySportsEdge" */;
			buildPhases = (
				C0F6620C9A2E62FE9F55D2DE /* Sources */,
				D6EABF6AA34E70A634B84DB0 /* Frameworks */,
				84FD434D27391826E72DB0AF /* Resources */,
			);
			buildRules = (
			);
			dependencies = (
			);
			name = GalaxySportsEdge;
			productName = GalaxySportsEdge;
			productReference = C94E6C79E05365CBCED7B5FE /* GalaxySportsEdge */;
			productType = "com.apple.product-type.application";
		};
		BAEF352BBD10EE45AF948532 /* GalaxySportsEdgeTests */ = {
			isa = PBXNativeTarget;
			buildConfigurationList = 34A4FB9EF07014B1285C2F6B /* Build configuration list for PBXNativeTarget "GalaxySportsEdgeTests" */;
			buildPhases = (
				A10510F1D797A8C571B05AAA /* Sources */,
				6FFA50FE6E1B7F6FDCE2C025 /* Frameworks */,
				8DA9B0015D7323251ECF7A7A /* Resources */,
			);
			buildRules = (
			);
			dependencies = (
				C4D31F249CCFB21260D2D688 /* PBXTargetDependency */,
			);
			name = GalaxySportsEdgeTests;
			productName = GalaxySportsEdgeTests;
			productReference = 5025B334F0F1FEBEA11B38CB /* GalaxySportsEdgeTests */;
			productType = "com.apple.product-type.bundle.unit-test";
		};
/* End PBXNativeTarget section */

/* Begin PBXProject section */
		244210E48437B6556980A702 /* Project object */ = {
			isa = PBXProject;
			buildConfigurationList = A15C1660503C9D18B9702A73 /* Build configuration list for PBXProject "GalaxySportsEdge" */;
			compatibilityVersion = "Xcode 16.0";
			developmentRegion = en;
			hasScannedForEncodings = 0;
			knownRegions = (
				en,
				Base,
			);
			mainGroup = 1624E51FBA7E3708A2669413;
			productRefGroup = 1190A5D32F01D0D71382B7C3 /* Products */;
			projectDirPath = "";
			projectRoot = "";
			targets = (
				AF08D1D9139071751AF61769 /* GalaxySportsEdge */,
				BAEF352BBD10EE45AF948532 /* GalaxySportsEdgeTests */,
			);
		};
/* End PBXProject section */

/* Begin PBXSourcesBuildPhase section */
		C0F6620C9A2E62FE9F55D2DE /* Sources */ = {
			isa = PBXSourcesBuildPhase;
			buildActionMask = [PHONE];
			files = (
				619D6C686D71A8AFE52F83F0 /* AppDelegate.swift in Sources */,
				DDFB5D6B2551FC1BEEE7F0E8 /* AppEnvironment.swift in Sources */,
				DDBBED0421C1C8D8574CB4C4 /* GalaxySportsEdgeApp.swift in Sources */,
				B1A3DF2491E00878D805FD2D /* RootView.swift in Sources */,
				13ED28C42AA16B28913890FD /* Components.swift in Sources */,
				6CC9F7683F6EA7A9325BB67B /* Formatting.swift in Sources */,
				707964B06763AF482C3B2BDD /* Theme.swift in Sources */,
				3E00AE12B1874317727B7F41 /* APIClient.swift in Sources */,
				895E8894221E4C5E06CE4039 /* APIError.swift in Sources */,
				21BD55AC40A4D16331E8F641 /* Endpoint.swift in Sources */,
				9A84ED32FBA0E66A358D9D16 /* Envelope.swift in Sources */,
				15CDA13093425FEABF363506 /* LiveSportsService.swift in Sources */,
				BE0BC42E58596FD395004B20 /* MockFixtures.swift in Sources */,
				01EA66133BA0ECD30CD872EC /* MockSportsService.swift in Sources */,
				742BF7B8C651F8CB67C3A19A /* SportsService.swift in Sources */,
				23B6D950F10DFD82E9673F55 /* DeleteAccountView.swift in Sources */,
				FF5418CF3794C97606890080 /* ArticleDetailView.swift in Sources */,
				ED99BD8BA3F86E82952BF813 /* ArticlesView.swift in Sources */,
				D3DE05635C004CC56745C4D7 /* AddBetView.swift in Sources */,
				DC8D64407C47D69B7A3835BF /* MyBetsView.swift in Sources */,
				42744A65178221709EE0C4F3 /* PaywallView.swift in Sources */,
				5616A87D51CF9DD2D9BA555A /* AskTheEdgeView.swift in Sources */,
				883B4AE7ED5EA06BCCE98B75 /* PickCard.swift in Sources */,
				8DA02D00EBEC8FD1E9A5DD19 /* PickDetailView.swift in Sources */,
				C864DC4DC215191D95BB6D32 /* PicksView.swift in Sources */,
				C3AD37AD1AF832DE2871BB2E /* PicksViewModel.swift in Sources */,
				96D22A81F894908CD78BDA0A /* ProfileView.swift in Sources */,
				6F2AF222C2AC43C437A2F2E8 /* SignInView.swift in Sources */,
				60D3E5FE6291011B0FF82D0F /* ScoresView.swift in Sources */,
				938E660C40C9145869D9AF2D /* ScoresViewModel.swift in Sources */,
				DA5D13F848655BFA7CE1F671 /* BrowserSheet.swift in Sources */,
				1788C1DACB04E7A99667B906 /* AuthSession.swift in Sources */,
				343B03437BF17FEF8C70EC07 /* SessionCookieStore.swift in Sources */,
				050F117E057D4160BDBCCE7D /* SignInWebView.swift in Sources */,
				2A553A8E6809D99A48F466DC /* AppConfiguration.swift in Sources */,
				58B00A46522CD7316C74EB58 /* DTOs.swift in Sources */,
				DFFA78873A721800F8E4B94D /* Models.swift in Sources */,
				67CA2A798FE3FD2A4A59DDD8 /* OddsMath.swift in Sources */,
				A1F53B437D31A2A6CB41E671 /* BetStore.swift in Sources */,
				96716637535EBBB7799A4CAE /* JSONFileStore.swift in Sources */,
				1232682D77E82B306BB4340B /* Keychain.swift in Sources */,
				40AA9410D73590CAC8C79F9C /* SavedPicksStore.swift in Sources */,
				0322140AC5381EFCF10F50BC /* PushNotificationManager.swift in Sources */,
				E2DAA2D91E5D3A8D79496980 /* SubscriptionStore.swift in Sources */,
			);
			runOnlyForDeploymentPostprocessing = 0;
		};
		A10510F1D797A8C571B05AAA /* Sources */ = {
			isa = PBXSourcesBuildPhase;
			buildActionMask = [PHONE];
			files = (
				AC2C955FFF87A4874984050E /* BetStoreTests.swift in Sources */,
				47C5201B525EFFEAD561A66F /* DomainTests.swift in Sources */,
				D67DD7BE6D0D3250677CA23D /* NetworkingTests.swift in Sources */,
				CD6204B6EE063ADF4439428B /* OddsMathTests.swift in Sources */,
				D44F782DD7EAF78D6BA01682 /* PickDecodingTests.swift in Sources */,
				5D7A38111548BA41170FDAC6 /* StubSportsService.swift in Sources */,
				0E07DCF3F8BD7EDF1986ED50 /* ViewModelTests.swift in Sources */,
			);
			runOnlyForDeploymentPostprocessing = 0;
		};
/* End PBXSourcesBuildPhase section */

/* Begin PBXResourcesBuildPhase section */
		84FD434D27391826E72DB0AF /* Resources */ = {
			isa = PBXResourcesBuildPhase;
			buildActionMask = [PHONE];
			files = (
				9A9231AF28486D51F5F76DF9 /* Assets.xcassets in Resources */,
				032C475662369F85DD01F812 /* PrivacyInfo.xcprivacy in Resources */,
			);
			runOnlyForDeploymentPostprocessing = 0;
		};
		8DA9B0015D7323251ECF7A7A /* Resources */ = {
			isa = PBXResourcesBuildPhase;
			buildActionMask = [PHONE];
			files = (
			);
			runOnlyForDeploymentPostprocessing = 0;
		};
/* End PBXResourcesBuildPhase section */

/* Begin PBXTargetDependency section */
		C4D31F249CCFB21260D2D688 /* PBXTargetDependency */ = {
			isa = PBXTargetDependency;
			target = AF08D1D9139071751AF61769 /* GalaxySportsEdge */;
			targetProxy = F5A232D6F3D9128DD1DDA283 /* PBXContainerItemProxy */;
		};
/* End PBXTargetDependency section */

/* Begin XCBuildConfiguration section */
		1718AAF4E5CB68E01B8646DA /* Debug */ = {
			isa = XCBuildConfiguration;
			buildSettings = {
				ALWAYS_SEARCH_USER_PATHS = NO;
				CLANG_ANALYZER_NONNULL = YES;
				CLANG_CXX_LANGUAGE_STANDARD = "gnu++20";
				CLANG_ENABLE_MODULES = YES;
				CLANG_ENABLE_OBJC_ARC = YES;
				COPY_PHASE_STRIP = NO;
				ENABLE_STRICT_OBJC_MSGSEND = YES;
				GCC_C_LANGUAGE_STANDARD = gnu17;
				GCC_NO_COMMON_BLOCKS = YES;
				SDKROOT = iphoneos;
				SWIFT_VERSION = 5.0;
				DEBUG_INFORMATION_FORMAT = dwarf;
				ENABLE_TESTABILITY = YES;
				GCC_OPTIMIZATION_LEVEL = 0;
				MTL_ENABLE_DEBUG_INFO = INCLUDE_SOURCE;
				ONLY_ACTIVE_ARCH = YES;
				SWIFT_ACTIVE_COMPILATION_CONDITIONS = DEBUG;
				SWIFT_OPTIMIZATION_LEVEL = "-Onone";
			};
			name = Debug;
		};
		33463152ED1CFFD4190C6F38 /* Release */ = {
			isa = XCBuildConfiguration;
			buildSettings = {
				ALWAYS_SEARCH_USER_PATHS = NO;
				CLANG_ANALYZER_NONNULL = YES;
				CLANG_CXX_LANGUAGE_STANDARD = "gnu++20";
				CLANG_ENABLE_MODULES = YES;
				CLANG_ENABLE_OBJC_ARC = YES;
				COPY_PHASE_STRIP = NO;
				ENABLE_STRICT_OBJC_MSGSEND = YES;
				GCC_C_LANGUAGE_STANDARD = gnu17;
				GCC_NO_COMMON_BLOCKS = YES;
				SDKROOT = iphoneos;
				SWIFT_VERSION = 5.0;
				DEBUG_INFORMATION_FORMAT = "dwarf-with-dsym";
				ENABLE_NS_ASSERTIONS = NO;
				MTL_ENABLE_DEBUG_INFO = NO;
				SWIFT_COMPILATION_MODE = wholemodule;
				SWIFT_OPTIMIZATION_LEVEL = "-O";
			};
			name = Release;
		};
		588066D44A26640DE151D801 /* Debug */ = {
			isa = XCBuildConfiguration;
			buildSettings = {
				CODE_SIGN_IDENTITY = "";
				CODE_SIGNING_ALLOWED = NO;
				CODE_SIGN_STYLE = Manual;
				CURRENT_PROJECT_VERSION = 1;
				DEVELOPMENT_TEAM = "";
				IPHONEOS_DEPLOYMENT_TARGET = 17.0;
				MARKETING_VERSION = 1.0;
				SWIFT_VERSION = 5.0;
				TARGETED_DEVICE_FAMILY = "1,2";
				ASSETCATALOG_COMPILER_APPICON_NAME = AppIcon;
				INFOPLIST_FILE = GalaxySportsEdge/Info.plist;
				LD_RUNPATH_SEARCH_PATHS = (
									"$(inherited)",
									"@executable_path/Frameworks",
								);
				PRODUCT_BUNDLE_IDENTIFIER = com.galaxysportsedge.app;
				PRODUCT_NAME = "$(TARGET_NAME)";
			};
			name = Debug;
		};
		2B2F2E38C60E19B068FAF26B /* Release */ = {
			isa = XCBuildConfiguration;
			buildSettings = {
				CODE_SIGN_IDENTITY = "";
				CODE_SIGNING_ALLOWED = NO;
				CODE_SIGN_STYLE = Manual;
				CURRENT_PROJECT_VERSION = 1;
				DEVELOPMENT_TEAM = "";
				IPHONEOS_DEPLOYMENT_TARGET = 17.0;
				MARKETING_VERSION = 1.0;
				SWIFT_VERSION = 5.0;
				TARGETED_DEVICE_FAMILY = "1,2";
				ASSETCATALOG_COMPILER_APPICON_NAME = AppIcon;
				INFOPLIST_FILE = GalaxySportsEdge/Info.plist;
				LD_RUNPATH_SEARCH_PATHS = (
									"$(inherited)",
									"@executable_path/Frameworks",
								);
				PRODUCT_BUNDLE_IDENTIFIER = com.galaxysportsedge.app;
				PRODUCT_NAME = "$(TARGET_NAME)";
			};
			name = Release;
		};
		E3EE07A31DD6E118EA886FC8 /* Debug */ = {
			isa = XCBuildConfiguration;
			buildSettings = {
				CODE_SIGN_IDENTITY = "";
				CODE_SIGNING_ALLOWED = NO;
				CODE_SIGN_STYLE = Manual;
				CURRENT_PROJECT_VERSION = 1;
				DEVELOPMENT_TEAM = "";
				IPHONEOS_DEPLOYMENT_TARGET = 17.0;
				MARKETING_VERSION = 1.0;
				SWIFT_VERSION = 5.0;
				TARGETED_DEVICE_FAMILY = "1,2";
				BUNDLE_LOADER = "$(TEST_HOST)";
				GENERATE_INFOPLIST_FILE = YES;
				LD_RUNPATH_SEARCH_PATHS = (
									"$(inherited)",
									"@executable_path/Frameworks",
									"@loader_path/Frameworks",
								);
				PRODUCT_BUNDLE_IDENTIFIER = com.galaxysportsedge.app.tests;
				PRODUCT_NAME = "$(TARGET_NAME)";
				TEST_HOST = "$(BUILT_PRODUCTS_DIR)/GalaxySportsEdge.app/GalaxySportsEdge";
			};
			name = Debug;
		};
		C2FBDA4B048657E304CC0A80 /* Release */ = {
			isa = XCBuildConfiguration;
			buildSettings = {
				CODE_SIGN_IDENTITY = "";
				CODE_SIGNING_ALLOWED = NO;
				CODE_SIGN_STYLE = Manual;
				CURRENT_PROJECT_VERSION = 1;
				DEVELOPMENT_TEAM = "";
				IPHONEOS_DEPLOYMENT_TARGET = 17.0;
				MARKETING_VERSION = 1.0;
				SWIFT_VERSION = 5.0;
				TARGETED_DEVICE_FAMILY = "1,2";
				BUNDLE_LOADER = "$(TEST_HOST)";
				GENERATE_INFOPLIST_FILE = YES;
				LD_RUNPATH_SEARCH_PATHS = (
									"$(inherited)",
									"@executable_path/Frameworks",
									"@loader_path/Frameworks",
								);
				PRODUCT_BUNDLE_IDENTIFIER = com.galaxysportsedge.app.tests;
				PRODUCT_NAME = "$(TARGET_NAME)";
				TEST_HOST = "$(BUILT_PRODUCTS_DIR)/GalaxySportsEdge.app/GalaxySportsEdge";
			};
			name = Release;
		};
/* End XCBuildConfiguration section */

/* Begin XCConfigurationList section */
		A15C1660503C9D18B9702A73 /* Build configuration list for PBXProject "GalaxySportsEdge" */ = {
			isa = XCConfigurationList;
			buildConfigurations = (
				1718AAF4E5CB68E01B8646DA /* Debug */,
				33463152ED1CFFD4190C6F38 /* Release */,
			);
			defaultConfigurationIsVisible = 0;
			defaultConfigurationName = Release;
		};
		2DB40470909271F41E972B1D /* Build configuration list for PBXNativeTarget "GalaxySportsEdge" */ = {
			isa = XCConfigurationList;
			buildConfigurations = (
				588066D44A26640DE151D801 /* Debug */,
				2B2F2E38C60E19B068FAF26B /* Release */,
			);
			defaultConfigurationIsVisible = 0;
			defaultConfigurationName = Release;
		};
		34A4FB9EF07014B1285C2F6B /* Build configuration list for PBXNativeTarget "GalaxySportsEdgeTests" */ = {
			isa = XCConfigurationList;
			buildConfigurations = (
				E3EE07A31DD6E118EA886FC8 /* Debug */,
				C2FBDA4B048657E304CC0A80 /* Release */,
			);
			defaultConfigurationIsVisible = 0;
			defaultConfigurationName = Release;
		};
/* End XCConfigurationList section */
	};
	rootObject = 244210E48437B6556980A702 /* Project object */;
}
