// !$*UTF8*$!
{
	archiveVersion = 1;
	classes = {
	};
	objectVersion = 56;
	objects = {

/* Begin PBXBuildFile section */
		CEFA7C0AD499079AB5F93B2B /* Assets.xcassets in Resources */ = {isa = PBXBuildFile; fileRef = 674112F96157BD8233927896 /* Assets.xcassets */; };
		3DAF4DF03F69C692FABE23DE /* PrivacyInfo.xcprivacy in Resources */ = {isa = PBXBuildFile; fileRef = 0ECE901D500B57F822CAC1F8 /* PrivacyInfo.xcprivacy */; };
		D5B1975A151053A260E78840 /* AppDelegate.swift in Sources */ = {isa = PBXBuildFile; fileRef = 13756B5043D47DAE7867365C /* AppDelegate.swift */; };
		34C06B24A8E496E91E3CE12D /* AppEnvironment.swift in Sources */ = {isa = PBXBuildFile; fileRef = BA6CD6331579C7CE117B8831 /* AppEnvironment.swift */; };
		2A81C0010C50DC4B02065BCE /* GalaxySportsEdgeApp.swift in Sources */ = {isa = PBXBuildFile; fileRef = 39BDD91692207E94548D2E37 /* GalaxySportsEdgeApp.swift */; };
		87F85879B1F6D4A509926B3D /* RootView.swift in Sources */ = {isa = PBXBuildFile; fileRef = 6F41E455A1AFF104B0504D6B /* RootView.swift */; };
		DCE3A49331F5C285EF2FF7D2 /* Components.swift in Sources */ = {isa = PBXBuildFile; fileRef = C51967ED9956271A90CEEB4D /* Components.swift */; };
		42833D661F9567AAAB830628 /* Formatting.swift in Sources */ = {isa = PBXBuildFile; fileRef = B9630276DEBE0E587037C5F2 /* Formatting.swift */; };
		502DA0E98328F8A9C7E317D3 /* Theme.swift in Sources */ = {isa = PBXBuildFile; fileRef = 21FCE1C961F6DB16535DA710 /* Theme.swift */; };
		BF4D0786E49DDBF893FDB412 /* APIClient.swift in Sources */ = {isa = PBXBuildFile; fileRef = 9A66F57C617C2B0326422E26 /* APIClient.swift */; };
		D65A1462DBD47ED429CC02D4 /* APIError.swift in Sources */ = {isa = PBXBuildFile; fileRef = A585130C6C4BBD36F1452F3E /* APIError.swift */; };
		28D47B906B794E2F149811E1 /* Endpoint.swift in Sources */ = {isa = PBXBuildFile; fileRef = 7937CA32E2311E5EE94BE913 /* Endpoint.swift */; };
		D18C5CFCA1910AC1F7F0A7B7 /* Envelope.swift in Sources */ = {isa = PBXBuildFile; fileRef = E04E76F73C5EF92A63938B33 /* Envelope.swift */; };
		B53A8C0E0A213006C872608E /* LiveSportsService.swift in Sources */ = {isa = PBXBuildFile; fileRef = 5836542AB7377A984B1D70B8 /* LiveSportsService.swift */; };
		50AB9715FB575D49A9B865CF /* MockFixtures.swift in Sources */ = {isa = PBXBuildFile; fileRef = C8352D584A66BE376BC0F037 /* MockFixtures.swift */; };
		3A640B7DC87AEA8E1A5B77E1 /* MockSportsService.swift in Sources */ = {isa = PBXBuildFile; fileRef = 9089251B7988D9DDF10DFEF1 /* MockSportsService.swift */; };
		21738F89C910122DFD57AE43 /* SportsService.swift in Sources */ = {isa = PBXBuildFile; fileRef = 9FE200DFB5CB6A1396A919D3 /* SportsService.swift */; };
		E442AF350A61A3D6BE451B99 /* DeleteAccountView.swift in Sources */ = {isa = PBXBuildFile; fileRef = D2B542F482644948F64BF4B0 /* DeleteAccountView.swift */; };
		817A75EF654221908D548192 /* ArticleDetailView.swift in Sources */ = {isa = PBXBuildFile; fileRef = CC24E32F7251819C19DD267C /* ArticleDetailView.swift */; };
		B81593E0DD55015CD07DA9CE /* ArticlesView.swift in Sources */ = {isa = PBXBuildFile; fileRef = AB3A3EC94BCB585C4FEFA59D /* ArticlesView.swift */; };
		F32EB88F3E0707E4DCCEA627 /* AddBetView.swift in Sources */ = {isa = PBXBuildFile; fileRef = D966820BE673D1FA1636F221 /* AddBetView.swift */; };
		4A209ACDD49059AE3691B51D /* MyBetsView.swift in Sources */ = {isa = PBXBuildFile; fileRef = 219FA82A4DDA19A4D75D3186 /* MyBetsView.swift */; };
		2EF3F5F78A5A7F8DDE961572 /* PaywallView.swift in Sources */ = {isa = PBXBuildFile; fileRef = 07D57EDFF99026EFBA12921C /* PaywallView.swift */; };
		666FCD21B74C34C37DDF1E91 /* AskTheEdgeView.swift in Sources */ = {isa = PBXBuildFile; fileRef = 6342017B2FA056053FE8E9B8 /* AskTheEdgeView.swift */; };
		7AF82FC0C09B028FE33BBAA0 /* PickCard.swift in Sources */ = {isa = PBXBuildFile; fileRef = 327EEDC360360A56A9EF4475 /* PickCard.swift */; };
		E1C67BDABE9D95BC66BB2719 /* PickDetailView.swift in Sources */ = {isa = PBXBuildFile; fileRef = DEF381535323B17DA1FE2E74 /* PickDetailView.swift */; };
		963339795F04C4C556F787D7 /* PicksView.swift in Sources */ = {isa = PBXBuildFile; fileRef = 13E99DA4269483946FBC0543 /* PicksView.swift */; };
		B3086542A4AF120D8C121F33 /* PicksViewModel.swift in Sources */ = {isa = PBXBuildFile; fileRef = 6482314B0AD351485442E516 /* PicksViewModel.swift */; };
		03A2E0FDEDFCA5A5FCE7DDBD /* ProfileView.swift in Sources */ = {isa = PBXBuildFile; fileRef = 3ED7636A1829DFCFCDEF0F4E /* ProfileView.swift */; };
		E76EC7C2C36757369394CA6F /* SignInView.swift in Sources */ = {isa = PBXBuildFile; fileRef = 80539F12489E59302C05D9E1 /* SignInView.swift */; };
		F2ED35F533D6C96427290F19 /* ScoresView.swift in Sources */ = {isa = PBXBuildFile; fileRef = C1EDC22746AA924B2AA16695 /* ScoresView.swift */; };
		DA4C059E1E712DF384F79F9C /* ScoresViewModel.swift in Sources */ = {isa = PBXBuildFile; fileRef = 46046BE2548EC8F752B8699A /* ScoresViewModel.swift */; };
		9754F1620D0D29F3B249F715 /* BrowserSheet.swift in Sources */ = {isa = PBXBuildFile; fileRef = 1A0BE4962F16CAF360F03833 /* BrowserSheet.swift */; };
		AE5F29542CBD26CA91F54448 /* AuthSession.swift in Sources */ = {isa = PBXBuildFile; fileRef = 5F181818E112B3B15D25EB42 /* AuthSession.swift */; };
		325CE84ED4F0BD4F2CCD8E69 /* SessionCookieStore.swift in Sources */ = {isa = PBXBuildFile; fileRef = E12CD3AEF05B3204306EB1EC /* SessionCookieStore.swift */; };
		9634E57508F2095DE527BB64 /* SignInWebView.swift in Sources */ = {isa = PBXBuildFile; fileRef = 3C33A2251BFFCAB5BA7F081E /* SignInWebView.swift */; };
		F299BE2011C06A85A96B6BA4 /* AppConfiguration.swift in Sources */ = {isa = PBXBuildFile; fileRef = BB702881A20A443A4F00D2EB /* AppConfiguration.swift */; };
		BA6B1BEF98D5C11E0587FB51 /* DTOs.swift in Sources */ = {isa = PBXBuildFile; fileRef = 747F7AE44D25DBFCE90BEB85 /* DTOs.swift */; };
		EDA915D92953D6341AFAF694 /* Models.swift in Sources */ = {isa = PBXBuildFile; fileRef = EF31BC2B643B666442F9A0BA /* Models.swift */; };
		55F8FC4E8AED42F58FA5472F /* OddsMath.swift in Sources */ = {isa = PBXBuildFile; fileRef = C65FCF66010532699EEFD6A7 /* OddsMath.swift */; };
		FBA9233935F813231137F60B /* BetStore.swift in Sources */ = {isa = PBXBuildFile; fileRef = B301CA51E69078EF9ABAD368 /* BetStore.swift */; };
		965E8C722F58B08E6944CC58 /* JSONFileStore.swift in Sources */ = {isa = PBXBuildFile; fileRef = CE42A6CD4E2EC1D707C44228 /* JSONFileStore.swift */; };
		5D7AB2244FA5B9DE675708BE /* Keychain.swift in Sources */ = {isa = PBXBuildFile; fileRef = 6E8EF6F6EB1000DA598FEB05 /* Keychain.swift */; };
		EDBC33AE818B25A54E608694 /* SavedPicksStore.swift in Sources */ = {isa = PBXBuildFile; fileRef = 20139E49F7544EA0C44EEF30 /* SavedPicksStore.swift */; };
		DA1628E89613BAAC56927F79 /* PushNotificationManager.swift in Sources */ = {isa = PBXBuildFile; fileRef = 358B2B532D4136E1CB3C4E7C /* PushNotificationManager.swift */; };
		F8F3D3546466821ACCAD8FFA /* SubscriptionStore.swift in Sources */ = {isa = PBXBuildFile; fileRef = C723A3634B45F2D5D4FF08B4 /* SubscriptionStore.swift */; };
		9490C17B5575DBE5EB511FBF /* BetStoreTests.swift in Sources */ = {isa = PBXBuildFile; fileRef = 738646184E411F571ACBFCF3 /* BetStoreTests.swift */; };
		27D7A7FDC48162BAC9058DDC /* DomainTests.swift in Sources */ = {isa = PBXBuildFile; fileRef = 5933285DDF0214EC97AA414A /* DomainTests.swift */; };
		C3D2A4726995FD003EFF1B0A /* NetworkingTests.swift in Sources */ = {isa = PBXBuildFile; fileRef = 9499D7B31CAD766934102114 /* NetworkingTests.swift */; };
		A7DF03FE81C6409CD0FC7E70 /* OddsMathTests.swift in Sources */ = {isa = PBXBuildFile; fileRef = 7081D9E0715AF8F7D8A41373 /* OddsMathTests.swift */; };
		628065D3B811B3C3EFA096C6 /* PickDecodingTests.swift in Sources */ = {isa = PBXBuildFile; fileRef = C7E1EB9B11D381311BD8217E /* PickDecodingTests.swift */; };
		9D09EA975A3DB037AA65CCDA /* StubSportsService.swift in Sources */ = {isa = PBXBuildFile; fileRef = 568E08FAD01B0F87942249B6 /* StubSportsService.swift */; };
		E55673B8528DC586F12709E4 /* ViewModelTests.swift in Sources */ = {isa = PBXBuildFile; fileRef = 5903E3A2C33CC6BEC5802AE2 /* ViewModelTests.swift */; };
/* End PBXBuildFile section */

/* Begin PBXContainerItemProxy section */
		F5A232D6F3D9128DD1DDA283 /* PBXContainerItemProxy */ = {
			isa = PBXContainerItemProxy;
			containerPortal = 244210E48437B6556980A702 /* Project object */;
			proxyType = 1;
			remoteGlobalIDString = AF08D1D9139071751AF61769;
			remoteInfo = GalaxySportsEdge;
		};
/* End PBXContainerItemProxy section */

/* Begin PBXFileReference section */
		674112F96157BD8233927896 /* Assets.xcassets */ = {isa = PBXFileReference; lastKnownFileType = folder.assetcatalog; path = Assets.xcassets; sourceTree = "<group>"; };
		E5BC434C55561559B0B0EFE3 /* Info.plist */ = {isa = PBXFileReference; lastKnownFileType = text.plist.xml; path = Info.plist; sourceTree = "<group>"; };
		0ECE901D500B57F822CAC1F8 /* PrivacyInfo.xcprivacy */ = {isa = PBXFileReference; lastKnownFileType = text.plist.xml; path = PrivacyInfo.xcprivacy; sourceTree = "<group>"; };
		13756B5043D47DAE7867365C /* AppDelegate.swift */ = {isa = PBXFileReference; lastKnownFileType = sourcecode.swift; path = AppDelegate.swift; sourceTree = "<group>"; };
		BA6CD6331579C7CE117B8831 /* AppEnvironment.swift */ = {isa = PBXFileReference; lastKnownFileType = sourcecode.swift; path = AppEnvironment.swift; sourceTree = "<group>"; };
		39BDD91692207E94548D2E37 /* GalaxySportsEdgeApp.swift */ = {isa = PBXFileReference; lastKnownFileType = sourcecode.swift; path = GalaxySportsEdgeApp.swift; sourceTree = "<group>"; };
		6F41E455A1AFF104B0504D6B /* RootView.swift */ = {isa = PBXFileReference; lastKnownFileType = sourcecode.swift; path = RootView.swift; sourceTree = "<group>"; };
		C51967ED9956271A90CEEB4D /* Components.swift */ = {isa = PBXFileReference; lastKnownFileType = sourcecode.swift; path = Components.swift; sourceTree = "<group>"; };
		B9630276DEBE0E587037C5F2 /* Formatting.swift */ = {isa = PBXFileReference; lastKnownFileType = sourcecode.swift; path = Formatting.swift; sourceTree = "<group>"; };
		21FCE1C961F6DB16535DA710 /* Theme.swift */ = {isa = PBXFileReference; lastKnownFileType = sourcecode.swift; path = Theme.swift; sourceTree = "<group>"; };
		9A66F57C617C2B0326422E26 /* APIClient.swift */ = {isa = PBXFileReference; lastKnownFileType = sourcecode.swift; path = APIClient.swift; sourceTree = "<group>"; };
		A585130C6C4BBD36F1452F3E /* APIError.swift */ = {isa = PBXFileReference; lastKnownFileType = sourcecode.swift; path = APIError.swift; sourceTree = "<group>"; };
		7937CA32E2311E5EE94BE913 /* Endpoint.swift */ = {isa = PBXFileReference; lastKnownFileType = sourcecode.swift; path = Endpoint.swift; sourceTree = "<group>"; };
		E04E76F73C5EF92A63938B33 /* Envelope.swift */ = {isa = PBXFileReference; lastKnownFileType = sourcecode.swift; path = Envelope.swift; sourceTree = "<group>"; };
		5836542AB7377A984B1D70B8 /* LiveSportsService.swift */ = {isa = PBXFileReference; lastKnownFileType = sourcecode.swift; path = LiveSportsService.swift; sourceTree = "<group>"; };
		C8352D584A66BE376BC0F037 /* MockFixtures.swift */ = {isa = PBXFileReference; lastKnownFileType = sourcecode.swift; path = MockFixtures.swift; sourceTree = "<group>"; };
		9089251B7988D9DDF10DFEF1 /* MockSportsService.swift */ = {isa = PBXFileReference; lastKnownFileType = sourcecode.swift; path = MockSportsService.swift; sourceTree = "<group>"; };
		9FE200DFB5CB6A1396A919D3 /* SportsService.swift */ = {isa = PBXFileReference; lastKnownFileType = sourcecode.swift; path = SportsService.swift; sourceTree = "<group>"; };
		D2B542F482644948F64BF4B0 /* DeleteAccountView.swift */ = {isa = PBXFileReference; lastKnownFileType = sourcecode.swift; path = DeleteAccountView.swift; sourceTree = "<group>"; };
		CC24E32F7251819C19DD267C /* ArticleDetailView.swift */ = {isa = PBXFileReference; lastKnownFileType = sourcecode.swift; path = ArticleDetailView.swift; sourceTree = "<group>"; };
		AB3A3EC94BCB585C4FEFA59D /* ArticlesView.swift */ = {isa = PBXFileReference; lastKnownFileType = sourcecode.swift; path = ArticlesView.swift; sourceTree = "<group>"; };
		D966820BE673D1FA1636F221 /* AddBetView.swift */ = {isa = PBXFileReference; lastKnownFileType = sourcecode.swift; path = AddBetView.swift; sourceTree = "<group>"; };
		219FA82A4DDA19A4D75D3186 /* MyBetsView.swift */ = {isa = PBXFileReference; lastKnownFileType = sourcecode.swift; path = MyBetsView.swift; sourceTree = "<group>"; };
		07D57EDFF99026EFBA12921C /* PaywallView.swift */ = {isa = PBXFileReference; lastKnownFileType = sourcecode.swift; path = PaywallView.swift; sourceTree = "<group>"; };
		6342017B2FA056053FE8E9B8 /* AskTheEdgeView.swift */ = {isa = PBXFileReference; lastKnownFileType = sourcecode.swift; path = AskTheEdgeView.swift; sourceTree = "<group>"; };
		327EEDC360360A56A9EF4475 /* PickCard.swift */ = {isa = PBXFileReference; lastKnownFileType = sourcecode.swift; path = PickCard.swift; sourceTree = "<group>"; };
		DEF381535323B17DA1FE2E74 /* PickDetailView.swift */ = {isa = PBXFileReference; lastKnownFileType = sourcecode.swift; path = PickDetailView.swift; sourceTree = "<group>"; };
		13E99DA4269483946FBC0543 /* PicksView.swift */ = {isa = PBXFileReference; lastKnownFileType = sourcecode.swift; path = PicksView.swift; sourceTree = "<group>"; };
		6482314B0AD351485442E516 /* PicksViewModel.swift */ = {isa = PBXFileReference; lastKnownFileType = sourcecode.swift; path = PicksViewModel.swift; sourceTree = "<group>"; };
		3ED7636A1829DFCFCDEF0F4E /* ProfileView.swift */ = {isa = PBXFileReference; lastKnownFileType = sourcecode.swift; path = ProfileView.swift; sourceTree = "<group>"; };
		80539F12489E59302C05D9E1 /* SignInView.swift */ = {isa = PBXFileReference; lastKnownFileType = sourcecode.swift; path = SignInView.swift; sourceTree = "<group>"; };
		C1EDC22746AA924B2AA16695 /* ScoresView.swift */ = {isa = PBXFileReference; lastKnownFileType = sourcecode.swift; path = ScoresView.swift; sourceTree = "<group>"; };
		46046BE2548EC8F752B8699A /* ScoresViewModel.swift */ = {isa = PBXFileReference; lastKnownFileType = sourcecode.swift; path = ScoresViewModel.swift; sourceTree = "<group>"; };
		1A0BE4962F16CAF360F03833 /* BrowserSheet.swift */ = {isa = PBXFileReference; lastKnownFileType = sourcecode.swift; path = BrowserSheet.swift; sourceTree = "<group>"; };
		5F181818E112B3B15D25EB42 /* AuthSession.swift */ = {isa = PBXFileReference; lastKnownFileType = sourcecode.swift; path = AuthSession.swift; sourceTree = "<group>"; };
		E12CD3AEF05B3204306EB1EC /* SessionCookieStore.swift */ = {isa = PBXFileReference; lastKnownFileType = sourcecode.swift; path = SessionCookieStore.swift; sourceTree = "<group>"; };
		3C33A2251BFFCAB5BA7F081E /* SignInWebView.swift */ = {isa = PBXFileReference; lastKnownFileType = sourcecode.swift; path = SignInWebView.swift; sourceTree = "<group>"; };
		BB702881A20A443A4F00D2EB /* AppConfiguration.swift */ = {isa = PBXFileReference; lastKnownFileType = sourcecode.swift; path = AppConfiguration.swift; sourceTree = "<group>"; };
		747F7AE44D25DBFCE90BEB85 /* DTOs.swift */ = {isa = PBXFileReference; lastKnownFileType = sourcecode.swift; path = DTOs.swift; sourceTree = "<group>"; };
		EF31BC2B643B666442F9A0BA /* Models.swift */ = {isa = PBXFileReference; lastKnownFileType = sourcecode.swift; path = Models.swift; sourceTree = "<group>"; };
		C65FCF66010532699EEFD6A7 /* OddsMath.swift */ = {isa = PBXFileReference; lastKnownFileType = sourcecode.swift; path = OddsMath.swift; sourceTree = "<group>"; };
		B301CA51E69078EF9ABAD368 /* BetStore.swift */ = {isa = PBXFileReference; lastKnownFileType = sourcecode.swift; path = BetStore.swift; sourceTree = "<group>"; };
		CE42A6CD4E2EC1D707C44228 /* JSONFileStore.swift */ = {isa = PBXFileReference; lastKnownFileType = sourcecode.swift; path = JSONFileStore.swift; sourceTree = "<group>"; };
		6E8EF6F6EB1000DA598FEB05 /* Keychain.swift */ = {isa = PBXFileReference; lastKnownFileType = sourcecode.swift; path = Keychain.swift; sourceTree = "<group>"; };
		20139E49F7544EA0C44EEF30 /* SavedPicksStore.swift */ = {isa = PBXFileReference; lastKnownFileType = sourcecode.swift; path = SavedPicksStore.swift; sourceTree = "<group>"; };
		358B2B532D4136E1CB3C4E7C /* PushNotificationManager.swift */ = {isa = PBXFileReference; lastKnownFileType = sourcecode.swift; path = PushNotificationManager.swift; sourceTree = "<group>"; };
		C723A3634B45F2D5D4FF08B4 /* SubscriptionStore.swift */ = {isa = PBXFileReference; lastKnownFileType = sourcecode.swift; path = SubscriptionStore.swift; sourceTree = "<group>"; };
		C94E6C79E05365CBCED7B5FE /* GalaxySportsEdge.app */ = {isa = PBXFileReference; explicitFileType = wrapper.application; includeInIndex = 0; path = GalaxySportsEdge.app; sourceTree = BUILT_PRODUCTS_DIR; };
		738646184E411F571ACBFCF3 /* BetStoreTests.swift */ = {isa = PBXFileReference; lastKnownFileType = sourcecode.swift; path = BetStoreTests.swift; sourceTree = "<group>"; };
		5933285DDF0214EC97AA414A /* DomainTests.swift */ = {isa = PBXFileReference; lastKnownFileType = sourcecode.swift; path = DomainTests.swift; sourceTree = "<group>"; };
		9499D7B31CAD766934102114 /* NetworkingTests.swift */ = {isa = PBXFileReference; lastKnownFileType = sourcecode.swift; path = NetworkingTests.swift; sourceTree = "<group>"; };
		7081D9E0715AF8F7D8A41373 /* OddsMathTests.swift */ = {isa = PBXFileReference; lastKnownFileType = sourcecode.swift; path = OddsMathTests.swift; sourceTree = "<group>"; };
		C7E1EB9B11D381311BD8217E /* PickDecodingTests.swift */ = {isa = PBXFileReference; lastKnownFileType = sourcecode.swift; path = PickDecodingTests.swift; sourceTree = "<group>"; };
		568E08FAD01B0F87942249B6 /* StubSportsService.swift */ = {isa = PBXFileReference; lastKnownFileType = sourcecode.swift; path = StubSportsService.swift; sourceTree = "<group>"; };
		5903E3A2C33CC6BEC5802AE2 /* ViewModelTests.swift */ = {isa = PBXFileReference; lastKnownFileType = sourcecode.swift; path = ViewModelTests.swift; sourceTree = "<group>"; };
		5025B334F0F1FEBEA11B38CB /* GalaxySportsEdgeTests.xctest */ = {isa = PBXFileReference; explicitFileType = wrapper.cfbundle; includeInIndex = 0; path = GalaxySportsEdgeTests.xctest; sourceTree = BUILT_PRODUCTS_DIR; };
/* End PBXFileReference section */

/* Begin PBXFrameworksBuildPhase section */
		D6EABF6AA34E70A634B84DB0 /* Frameworks */ = {
			isa = PBXFrameworksBuildPhase;
			buildActionMask = 2147483647;
			files = (
			);
			runOnlyForDeploymentPostprocessing = 0;
		};
		6FFA50FE6E1B7F6FDCE2C025 /* Frameworks */ = {
			isa = PBXFrameworksBuildPhase;
			buildActionMask = 2147483647;
			files = (
			);
			runOnlyForDeploymentPostprocessing = 0;
		};
/* End PBXFrameworksBuildPhase section */

/* Begin PBXGroup section */
		1624E51FBA7E3708A2669413 = {
			isa = PBXGroup;
			children = (
				21FBDFE990825342940A7227 /* GalaxySportsEdge */,
				3E17CEF93F7A2318599144D4 /* GalaxySportsEdgeTests */,
			);
			sourceTree = "<group>";
		};

		1190A5D32F01D0D71382B7C3 /* Products */ = {
			isa = PBXGroup;
			children = (
				C94E6C79E05365CBCED7B5FE /* GalaxySportsEdge */,
				5025B334F0F1FEBEA11B38CB /* GalaxySportsEdgeTests */,
			);
			name = Products;
			sourceTree = "<group>";
		};

		21FBDFE990825342940A7227 /* GalaxySportsEdge */ = {
			isa = PBXGroup;
			children = (
				3F2792FA01DBDEDA62812652 /* App */,
				59AACB36CC81ADBC5A0FF511 /* Core/Design */,
				9E3EFE350CA37F6B09175F1A /* Core/Networking */,
				BC8CF19C4C15CD6FB6260144 /* Core/Services */,
				89C4E55879CCD674AB33898C /* Features/Account */,
				587EAFFF319CF6DD28D6B54D /* Features/Articles */,
				02D22D504F8C71E14414D2B6 /* Features/MyBets */,
				097FF240F55920C019A2309C /* Features/Paywall */,
				C260DB2AB56116F4796B2CC4 /* Features/Picks */,
				7338181C62495E74621BEDA7 /* Features/Profile */,
				8737888334D7A44EF2C6ED58 /* Features/Scores */,
				151DC53A69BDCC0A282EEBDE /* Features/Support */,
				5B99B2B5449A0B49DA46AA18 /* Platform/Auth */,
				66A163934BBE3F10A7FE259E /* Platform/Config */,
				62F82B8BD95D0CADAFDB5C9C /* Platform/Domain */,
				5563D11E163B24D91475B2BA /* Platform/Persistence */,
				5CB9EEF072D14E005E3896F9 /* Platform/Push */,
				4DCE26800586F85C958804D0 /* Platform/Subscription */,
				674112F96157BD8233927896 /* Assets.xcassets */,
				E5BC434C55561559B0B0EFE3 /* Info.plist */,
				0ECE901D500B57F822CAC1F8 /* PrivacyInfo.xcprivacy */,
			);
			name = GalaxySportsEdge;
			path = GalaxySportsEdge;
			sourceTree = "<group>";
		};

		3F2792FA01DBDEDA62812652 /* App */ = {
			isa = PBXGroup;
			children = (
				13756B5043D47DAE7867365C /* AppDelegate.swift */,
				BA6CD6331579C7CE117B8831 /* AppEnvironment.swift */,
				39BDD91692207E94548D2E37 /* GalaxySportsEdgeApp.swift */,
				6F41E455A1AFF104B0504D6B /* RootView.swift */,
			);
			name = App;
			path = App;
			sourceTree = "<group>";
		};

		59AACB36CC81ADBC5A0FF511 /* Core/Design */ = {
			isa = PBXGroup;
			children = (
				C51967ED9956271A90CEEB4D /* Components.swift */,
				B9630276DEBE0E587037C5F2 /* Formatting.swift */,
				21FCE1C961F6DB16535DA710 /* Theme.swift */,
			);
			name = Core/Design;
			path = Core/Design;
			sourceTree = "<group>";
		};

		9E3EFE350CA37F6B09175F1A /* Core/Networking */ = {
			isa = PBXGroup;
			children = (
				9A66F57C617C2B0326422E26 /* APIClient.swift */,
				A585130C6C4BBD36F1452F3E /* APIError.swift */,
				7937CA32E2311E5EE94BE913 /* Endpoint.swift */,
				E04E76F73C5EF92A63938B33 /* Envelope.swift */,
			);
			name = Core/Networking;
			path = Core/Networking;
			sourceTree = "<group>";
		};

		BC8CF19C4C15CD6FB6260144 /* Core/Services */ = {
			isa = PBXGroup;
			children = (
				5836542AB7377A984B1D70B8 /* LiveSportsService.swift */,
				C8352D584A66BE376BC0F037 /* MockFixtures.swift */,
				9089251B7988D9DDF10DFEF1 /* MockSportsService.swift */,
				9FE200DFB5CB6A1396A919D3 /* SportsService.swift */,
			);
			name = Core/Services;
			path = Core/Services;
			sourceTree = "<group>";
		};

		89C4E55879CCD674AB33898C /* Features/Account */ = {
			isa = PBXGroup;
			children = (
				D2B542F482644948F64BF4B0 /* DeleteAccountView.swift */,
			);
			name = Features/Account;
			path = Features/Account;
			sourceTree = "<group>";
		};

		587EAFFF319CF6DD28D6B54D /* Features/Articles */ = {
			isa = PBXGroup;
			children = (
				CC24E32F7251819C19DD267C /* ArticleDetailView.swift */,
				AB3A3EC94BCB585C4FEFA59D /* ArticlesView.swift */,
			);
			name = Features/Articles;
			path = Features/Articles;
			sourceTree = "<group>";
		};

		02D22D504F8C71E14414D2B6 /* Features/MyBets */ = {
			isa = PBXGroup;
			children = (
				D966820BE673D1FA1636F221 /* AddBetView.swift */,
				219FA82A4DDA19A4D75D3186 /* MyBetsView.swift */,
			);
			name = Features/MyBets;
			path = Features/MyBets;
			sourceTree = "<group>";
		};

		097FF240F55920C019A2309C /* Features/Paywall */ = {
			isa = PBXGroup;
			children = (
				07D57EDFF99026EFBA12921C /* PaywallView.swift */,
			);
			name = Features/Paywall;
			path = Features/Paywall;
			sourceTree = "<group>";
		};

		C260DB2AB56116F4796B2CC4 /* Features/Picks */ = {
			isa = PBXGroup;
			children = (
				6342017B2FA056053FE8E9B8 /* AskTheEdgeView.swift */,
				327EEDC360360A56A9EF4475 /* PickCard.swift */,
				DEF381535323B17DA1FE2E74 /* PickDetailView.swift */,
				13E99DA4269483946FBC0543 /* PicksView.swift */,
				6482314B0AD351485442E516 /* PicksViewModel.swift */,
			);
			name = Features/Picks;
			path = Features/Picks;
			sourceTree = "<group>";
		};

		7338181C62495E74621BEDA7 /* Features/Profile */ = {
			isa = PBXGroup;
			children = (
				3ED7636A1829DFCFCDEF0F4E /* ProfileView.swift */,
				80539F12489E59302C05D9E1 /* SignInView.swift */,
			);
			name = Features/Profile;
			path = Features/Profile;
			sourceTree = "<group>";
		};

		8737888334D7A44EF2C6ED58 /* Features/Scores */ = {
			isa = PBXGroup;
			children = (
				C1EDC22746AA924B2AA16695 /* ScoresView.swift */,
				46046BE2548EC8F752B8699A /* ScoresViewModel.swift */,
			);
			name = Features/Scores;
			path = Features/Scores;
			sourceTree = "<group>";
		};

		151DC53A69BDCC0A282EEBDE /* Features/Support */ = {
			isa = PBXGroup;
			children = (
				1A0BE4962F16CAF360F03833 /* BrowserSheet.swift */,
			);
			name = Features/Support;
			path = Features/Support;
			sourceTree = "<group>";
		};

		5B99B2B5449A0B49DA46AA18 /* Platform/Auth */ = {
			isa = PBXGroup;
			children = (
				5F181818E112B3B15D25EB42 /* AuthSession.swift */,
				E12CD3AEF05B3204306EB1EC /* SessionCookieStore.swift */,
				3C33A2251BFFCAB5BA7F081E /* SignInWebView.swift */,
			);
			name = Platform/Auth;
			path = Platform/Auth;
			sourceTree = "<group>";
		};

		66A163934BBE3F10A7FE259E /* Platform/Config */ = {
			isa = PBXGroup;
			children = (
				BB702881A20A443A4F00D2EB /* AppConfiguration.swift */,
			);
			name = Platform/Config;
			path = Platform/Config;
			sourceTree = "<group>";
		};

		62F82B8BD95D0CADAFDB5C9C /* Platform/Domain */ = {
			isa = PBXGroup;
			children = (
				747F7AE44D25DBFCE90BEB85 /* DTOs.swift */,
				EF31BC2B643B666442F9A0BA /* Models.swift */,
				C65FCF66010532699EEFD6A7 /* OddsMath.swift */,
			);
			name = Platform/Domain;
			path = Platform/Domain;
			sourceTree = "<group>";
		};

		5563D11E163B24D91475B2BA /* Platform/Persistence */ = {
			isa = PBXGroup;
			children = (
				B301CA51E69078EF9ABAD368 /* BetStore.swift */,
				CE42A6CD4E2EC1D707C44228 /* JSONFileStore.swift */,
				6E8EF6F6EB1000DA598FEB05 /* Keychain.swift */,
				20139E49F7544EA0C44EEF30 /* SavedPicksStore.swift */,
			);
			name = Platform/Persistence;
			path = Platform/Persistence;
			sourceTree = "<group>";
		};

		5CB9EEF072D14E005E3896F9 /* Platform/Push */ = {
			isa = PBXGroup;
			children = (
				358B2B532D4136E1CB3C4E7C /* PushNotificationManager.swift */,
			);
			name = Platform/Push;
			path = Platform/Push;
			sourceTree = "<group>";
		};

		4DCE26800586F85C958804D0 /* Platform/Subscription */ = {
			isa = PBXGroup;
			children = (
				C723A3634B45F2D5D4FF08B4 /* SubscriptionStore.swift */,
			);
			name = Platform/Subscription;
			path = Platform/Subscription;
			sourceTree = "<group>";
		};

		3E17CEF93F7A2318599144D4 /* GalaxySportsEdgeTests */ = {
			isa = PBXGroup;
			children = (
				738646184E411F571ACBFCF3 /* BetStoreTests.swift */,
				5933285DDF0214EC97AA414A /* DomainTests.swift */,
				9499D7B31CAD766934102114 /* NetworkingTests.swift */,
				7081D9E0715AF8F7D8A41373 /* OddsMathTests.swift */,
				C7E1EB9B11D381311BD8217E /* PickDecodingTests.swift */,
				568E08FAD01B0F87942249B6 /* StubSportsService.swift */,
				5903E3A2C33CC6BEC5802AE2 /* ViewModelTests.swift */,
			);
			name = GalaxySportsEdgeTests;
			path = GalaxySportsEdgeTests;
			sourceTree = "<group>";
		};
/* End PBXGroup section */

/* Begin PBXNativeTarget section */
		AF08D1D9139071751AF61769 /* GalaxySportsEdge */ = {
			isa = PBXNativeTarget;
			buildConfigurationList = 2DB40470909271F41E972B1D /* Build configuration list for PBXNativeTarget "GalaxySportsEdge" */;
			buildPhases = (
				C0F6620C9A2E62FE9F55D2DE /* Sources */,
				D6EABF6AA34E70A634B84DB0 /* Frameworks */,
				84FD434D27391826E72DB0AF /* Resources */,
			);
			buildRules = (
			);
			dependencies = (
			);
			name = GalaxySportsEdge;
			productName = GalaxySportsEdge;
			productReference = C94E6C79E05365CBCED7B5FE /* GalaxySportsEdge */;
			productType = "com.apple.product-type.application";
		};
		BAEF352BBD10EE45AF948532 /* GalaxySportsEdgeTests */ = {
			isa = PBXNativeTarget;
			buildConfigurationList = 34A4FB9EF07014B1285C2F6B /* Build configuration list for PBXNativeTarget "GalaxySportsEdgeTests" */;
			buildPhases = (
				A10510F1D797A8C571B05AAA /* Sources */,
				6FFA50FE6E1B7F6FDCE2C025 /* Frameworks */,
				8DA9B0015D7323251ECF7A7A /* Resources */,
			);
			buildRules = (
			);
			dependencies = (
				C4D31F249CCFB21260D2D688 /* PBXTargetDependency */,
			);
			name = GalaxySportsEdgeTests;
			productName = GalaxySportsEdgeTests;
			productReference = 5025B334F0F1FEBEA11B38CB /* GalaxySportsEdgeTests */;
			productType = "com.apple.product-type.bundle.unit-test";
		};
/* End PBXNativeTarget section */

/* Begin PBXProject section */
		244210E48437B6556980A702 /* Project object */ = {
			isa = PBXProject;
			buildConfigurationList = A15C1660503C9D18B9702A73 /* Build configuration list for PBXProject "GalaxySportsEdge" */;
			compatibilityVersion = "Xcode 16.0";
			developmentRegion = en;
			hasScannedForEncodings = 0;
			knownRegions = (
				en,
				Base,
			);
			mainGroup = 1624E51FBA7E3708A2669413;
			productRefGroup = 1190A5D32F01D0D71382B7C3 /* Products */;
			projectDirPath = "";
			projectRoot = "";
			targets = (
				AF08D1D9139071751AF61769 /* GalaxySportsEdge */,
				BAEF352BBD10EE45AF948532 /* GalaxySportsEdgeTests */,
			);
		};
/* End PBXProject section */

/* Begin PBXSourcesBuildPhase section */
		C0F6620C9A2E62FE9F55D2DE /* Sources */ = {
			isa = PBXSourcesBuildPhase;
			buildActionMask = 2147483647;
			files = (
				D5B1975A151053A260E78840 /* AppDelegate.swift in Sources */,
				34C06B24A8E496E91E3CE12D /* AppEnvironment.swift in Sources */,
				2A81C0010C50DC4B02065BCE /* GalaxySportsEdgeApp.swift in Sources */,
				87F85879B1F6D4A509926B3D /* RootView.swift in Sources */,
				DCE3A49331F5C285EF2FF7D2 /* Components.swift in Sources */,
				42833D661F9567AAAB830628 /* Formatting.swift in Sources */,
				502DA0E98328F8A9C7E317D3 /* Theme.swift in Sources */,
				BF4D0786E49DDBF893FDB412 /* APIClient.swift in Sources */,
				D65A1462DBD47ED429CC02D4 /* APIError.swift in Sources */,
				28D47B906B794E2F149811E1 /* Endpoint.swift in Sources */,
				D18C5CFCA1910AC1F7F0A7B7 /* Envelope.swift in Sources */,
				B53A8C0E0A213006C872608E /* LiveSportsService.swift in Sources */,
				50AB9715FB575D49A9B865CF /* MockFixtures.swift in Sources */,
				3A640B7DC87AEA8E1A5B77E1 /* MockSportsService.swift in Sources */,
				21738F89C910122DFD57AE43 /* SportsService.swift in Sources */,
				E442AF350A61A3D6BE451B99 /* DeleteAccountView.swift in Sources */,
				817A75EF654221908D548192 /* ArticleDetailView.swift in Sources */,
				B81593E0DD55015CD07DA9CE /* ArticlesView.swift in Sources */,
				F32EB88F3E0707E4DCCEA627 /* AddBetView.swift in Sources */,
				4A209ACDD49059AE3691B51D /* MyBetsView.swift in Sources */,
				2EF3F5F78A5A7F8DDE961572 /* PaywallView.swift in Sources */,
				666FCD21B74C34C37DDF1E91 /* AskTheEdgeView.swift in Sources */,
				7AF82FC0C09B028FE33BBAA0 /* PickCard.swift in Sources */,
				E1C67BDABE9D95BC66BB2719 /* PickDetailView.swift in Sources */,
				963339795F04C4C556F787D7 /* PicksView.swift in Sources */,
				B3086542A4AF120D8C121F33 /* PicksViewModel.swift in Sources */,
				03A2E0FDEDFCA5A5FCE7DDBD /* ProfileView.swift in Sources */,
				E76EC7C2C36757369394CA6F /* SignInView.swift in Sources */,
				F2ED35F533D6C96427290F19 /* ScoresView.swift in Sources */,
				DA4C059E1E712DF384F79F9C /* ScoresViewModel.swift in Sources */,
				9754F1620D0D29F3B249F715 /* BrowserSheet.swift in Sources */,
				AE5F29542CBD26CA91F54448 /* AuthSession.swift in Sources */,
				325CE84ED4F0BD4F2CCD8E69 /* SessionCookieStore.swift in Sources */,
				9634E57508F2095DE527BB64 /* SignInWebView.swift in Sources */,
				F299BE2011C06A85A96B6BA4 /* AppConfiguration.swift in Sources */,
				BA6B1BEF98D5C11E0587FB51 /* DTOs.swift in Sources */,
				EDA915D92953D6341AFAF694 /* Models.swift in Sources */,
				55F8FC4E8AED42F58FA5472F /* OddsMath.swift in Sources */,
				FBA9233935F813231137F60B /* BetStore.swift in Sources */,
				965E8C722F58B08E6944CC58 /* JSONFileStore.swift in Sources */,
				5D7AB2244FA5B9DE675708BE /* Keychain.swift in Sources */,
				EDBC33AE818B25A54E608694 /* SavedPicksStore.swift in Sources */,
				DA1628E89613BAAC56927F79 /* PushNotificationManager.swift in Sources */,
				F8F3D3546466821ACCAD8FFA /* SubscriptionStore.swift in Sources */,
			);
			runOnlyForDeploymentPostprocessing = 0;
		};
		A10510F1D797A8C571B05AAA /* Sources */ = {
			isa = PBXSourcesBuildPhase;
			buildActionMask = 2147483647;
			files = (
				9490C17B5575DBE5EB511FBF /* BetStoreTests.swift in Sources */,
				27D7A7FDC48162BAC9058DDC /* DomainTests.swift in Sources */,
				C3D2A4726995FD003EFF1B0A /* NetworkingTests.swift in Sources */,
				A7DF03FE81C6409CD0FC7E70 /* OddsMathTests.swift in Sources */,
				628065D3B811B3C3EFA096C6 /* PickDecodingTests.swift in Sources */,
				9D09EA975A3DB037AA65CCDA /* StubSportsService.swift in Sources */,
				E55673B8528DC586F12709E4 /* ViewModelTests.swift in Sources */,
			);
			runOnlyForDeploymentPostprocessing = 0;
		};
/* End PBXSourcesBuildPhase section */

/* Begin PBXResourcesBuildPhase section */
		84FD434D27391826E72DB0AF /* Resources */ = {
			isa = PBXResourcesBuildPhase;
			buildActionMask = 2147483647;
			files = (
				CEFA7C0AD499079AB5F93B2B /* Assets.xcassets in Resources */,
				3DAF4DF03F69C692FABE23DE /* PrivacyInfo.xcprivacy in Resources */,
			);
			runOnlyForDeploymentPostprocessing = 0;
		};
		8DA9B0015D7323251ECF7A7A /* Resources */ = {
			isa = PBXResourcesBuildPhase;
			buildActionMask = 2147483647;
			files = (
			);
			runOnlyForDeploymentPostprocessing = 0;
		};
/* End PBXResourcesBuildPhase section */

/* Begin PBXTargetDependency section */
		C4D31F249CCFB21260D2D688 /* PBXTargetDependency */ = {
			isa = PBXTargetDependency;
			target = AF08D1D9139071751AF61769 /* GalaxySportsEdge */;
			targetProxy = F5A232D6F3D9128DD1DDA283 /* PBXContainerItemProxy */;
		};
/* End PBXTargetDependency section */

/* Begin XCBuildConfiguration section */
		1718AAF4E5CB68E01B8646DA /* Debug */ = {
			isa = XCBuildConfiguration;
			buildSettings = {
				ALWAYS_SEARCH_USER_PATHS = NO;
				CLANG_ANALYZER_NONNULL = YES;
				CLANG_CXX_LANGUAGE_STANDARD = "gnu++20";
				CLANG_ENABLE_MODULES = YES;
				CLANG_ENABLE_OBJC_ARC = YES;
				COPY_PHASE_STRIP = NO;
				ENABLE_STRICT_OBJC_MSGSEND = YES;
				GCC_C_LANGUAGE_STANDARD = gnu17;
				GCC_NO_COMMON_BLOCKS = YES;
				SDKROOT = iphoneos;
				SWIFT_VERSION = 5.0;
				DEBUG_INFORMATION_FORMAT = dwarf;
				ENABLE_TESTABILITY = YES;
				GCC_OPTIMIZATION_LEVEL = 0;
				MTL_ENABLE_DEBUG_INFO = INCLUDE_SOURCE;
				ONLY_ACTIVE_ARCH = YES;
				SWIFT_ACTIVE_COMPILATION_CONDITIONS = DEBUG;
				SWIFT_OPTIMIZATION_LEVEL = "-Onone";
			};
			name = Debug;
		};
		33463152ED1CFFD4190C6F38 /* Release */ = {
			isa = XCBuildConfiguration;
			buildSettings = {
				ALWAYS_SEARCH_USER_PATHS = NO;
				CLANG_ANALYZER_NONNULL = YES;
				CLANG_CXX_LANGUAGE_STANDARD = "gnu++20";
				CLANG_ENABLE_MODULES = YES;
				CLANG_ENABLE_OBJC_ARC = YES;
				COPY_PHASE_STRIP = NO;
				ENABLE_STRICT_OBJC_MSGSEND = YES;
				GCC_C_LANGUAGE_STANDARD = gnu17;
				GCC_NO_COMMON_BLOCKS = YES;
				SDKROOT = iphoneos;
				SWIFT_VERSION = 5.0;
				DEBUG_INFORMATION_FORMAT = "dwarf-with-dsym";
				ENABLE_NS_ASSERTIONS = NO;
				MTL_ENABLE_DEBUG_INFO = NO;
				SWIFT_COMPILATION_MODE = wholemodule;
				SWIFT_OPTIMIZATION_LEVEL = "-O";
			};
			name = Release;
		};
		588066D44A26640DE151D801 /* Debug */ = {
			isa = XCBuildConfiguration;
			buildSettings = {
				CODE_SIGN_IDENTITY = "";
				CODE_SIGNING_ALLOWED = NO;
				CODE_SIGN_STYLE = Manual;
				CURRENT_PROJECT_VERSION = 1;
				DEVELOPMENT_TEAM = "";
				IPHONEOS_DEPLOYMENT_TARGET = 17.0;
				MARKETING_VERSION = 1.0;
				SWIFT_VERSION = 5.0;
				TARGETED_DEVICE_FAMILY = "1,2";
				ASSETCATALOG_COMPILER_APPICON_NAME = AppIcon;
				INFOPLIST_FILE = GalaxySportsEdge/Info.plist;
				LD_RUNPATH_SEARCH_PATHS = (
									"$(inherited)",
									"@executable_path/Frameworks",
								);
				PRODUCT_BUNDLE_IDENTIFIER = com.galaxysportsedge.app;
				PRODUCT_NAME = "$(TARGET_NAME)";
			};
			name = Debug;
		};
		2B2F2E38C60E19B068FAF26B /* Release */ = {
			isa = XCBuildConfiguration;
			buildSettings = {
				CODE_SIGN_IDENTITY = "";
				CODE_SIGNING_ALLOWED = NO;
				CODE_SIGN_STYLE = Manual;
				CURRENT_PROJECT_VERSION = 1;
				DEVELOPMENT_TEAM = "";
				IPHONEOS_DEPLOYMENT_TARGET = 17.0;
				MARKETING_VERSION = 1.0;
				SWIFT_VERSION = 5.0;
				TARGETED_DEVICE_FAMILY = "1,2";
				ASSETCATALOG_COMPILER_APPICON_NAME = AppIcon;
				INFOPLIST_FILE = GalaxySportsEdge/Info.plist;
				LD_RUNPATH_SEARCH_PATHS = (
									"$(inherited)",
									"@executable_path/Frameworks",
								);
				PRODUCT_BUNDLE_IDENTIFIER = com.galaxysportsedge.app;
				PRODUCT_NAME = "$(TARGET_NAME)";
			};
			name = Release;
		};
		E3EE07A31DD6E118EA886FC8 /* Debug */ = {
			isa = XCBuildConfiguration;
			buildSettings = {
				CODE_SIGN_IDENTITY = "";
				CODE_SIGNING_ALLOWED = NO;
				CODE_SIGN_STYLE = Manual;
				CURRENT_PROJECT_VERSION = 1;
				DEVELOPMENT_TEAM = "";
				IPHONEOS_DEPLOYMENT_TARGET = 17.0;
				MARKETING_VERSION = 1.0;
				SWIFT_VERSION = 5.0;
				TARGETED_DEVICE_FAMILY = "1,2";
				BUNDLE_LOADER = "$(TEST_HOST)";
				GENERATE_INFOPLIST_FILE = YES;
				LD_RUNPATH_SEARCH_PATHS = (
									"$(inherited)",
									"@executable_path/Frameworks",
									"@loader_path/Frameworks",
								);
				PRODUCT_BUNDLE_IDENTIFIER = com.galaxysportsedge.app.tests;
				PRODUCT_NAME = "$(TARGET_NAME)";
				TEST_HOST = "$(BUILT_PRODUCTS_DIR)/GalaxySportsEdge.app/GalaxySportsEdge";
			};
			name = Debug;
		};
		C2FBDA4B048657E304CC0A80 /* Release */ = {
			isa = XCBuildConfiguration;
			buildSettings = {
				CODE_SIGN_IDENTITY = "";
				CODE_SIGNING_ALLOWED = NO;
				CODE_SIGN_STYLE = Manual;
				CURRENT_PROJECT_VERSION = 1;
				DEVELOPMENT_TEAM = "";
				IPHONEOS_DEPLOYMENT_TARGET = 17.0;
				MARKETING_VERSION = 1.0;
				SWIFT_VERSION = 5.0;
				TARGETED_DEVICE_FAMILY = "1,2";
				BUNDLE_LOADER = "$(TEST_HOST)";
				GENERATE_INFOPLIST_FILE = YES;
				LD_RUNPATH_SEARCH_PATHS = (
									"$(inherited)",
									"@executable_path/Frameworks",
									"@loader_path/Frameworks",
								);
				PRODUCT_BUNDLE_IDENTIFIER = com.galaxysportsedge.app.tests;
				PRODUCT_NAME = "$(TARGET_NAME)";
				TEST_HOST = "$(BUILT_PRODUCTS_DIR)/GalaxySportsEdge.app/GalaxySportsEdge";
			};
			name = Release;
		};
/* End XCBuildConfiguration section */

/* Begin XCConfigurationList section */
		A15C1660503C9D18B9702A73 /* Build configuration list for PBXProject "GalaxySportsEdge" */ = {
			isa = XCConfigurationList;
			buildConfigurations = (
				1718AAF4E5CB68E01B8646DA /* Debug */,
				33463152ED1CFFD4190C6F38 /* Release */,
			);
			defaultConfigurationIsVisible = 0;
			defaultConfigurationName = Release;
		};
		2DB40470909271F41E972B1D /* Build configuration list for PBXNativeTarget "GalaxySportsEdge" */ = {
			isa = XCConfigurationList;
			buildConfigurations = (
				588066D44A26640DE151D801 /* Debug */,
				2B2F2E38C60E19B068FAF26B /* Release */,
			);
			defaultConfigurationIsVisible = 0;
			defaultConfigurationName = Release;
		};
		34A4FB9EF07014B1285C2F6B /* Build configuration list for PBXNativeTarget "GalaxySportsEdgeTests" */ = {
			isa = XCConfigurationList;
			buildConfigurations = (
				E3EE07A31DD6E118EA886FC8 /* Debug */,
				C2FBDA4B048657E304CC0A80 /* Release */,
			);
			defaultConfigurationIsVisible = 0;
			defaultConfigurationName = Release;
		};
/* End XCConfigurationList section */
	};
	rootObject = 244210E48437B6556980A702 /* Project object */;
}
