// !$*UTF8*$!
{
	archiveVersion = 1;
	classes = {
	};
	objectVersion = 56;
	objects = {

/* Begin PBXBuildFile section */
		E58A0EBBA3B24A73BE922B96 /* AppEnvironment.swift in Sources */ = {isa = PBXBuildFile; fileRef = 2F23B32F08984E2D8075489B /* AppEnvironment.swift */; };
		1FDB030E8D2C408FB81BFB69 /* GalaxySportsEdgeApp.swift in Sources */ = {isa = PBXBuildFile; fileRef = 520D2580533440C4ADF524C9 /* GalaxySportsEdgeApp.swift */; };
		A40BC0291DFA46A097C4003B /* RootView.swift in Sources */ = {isa = PBXBuildFile; fileRef = F470CBD6A516454CA6F73C82 /* RootView.swift */; };
		34F22BAB2912499FAE0291E6 /* BetStore.swift in Sources */ = {isa = PBXBuildFile; fileRef = A58C5BA93E3B46448C08573E /* BetStore.swift */; };
		3FDF3D17CFE941E69E5A4ED4 /* Components.swift in Sources */ = {isa = PBXBuildFile; fileRef = 58E3D0BC0D8A42AFB0ED127A /* Components.swift */; };
		AD0DB58FDEE64D7DA9601CF8 /* Formatting.swift in Sources */ = {isa = PBXBuildFile; fileRef = 7FDEBD60116F4A4685D5281A /* Formatting.swift */; };
		6E770E44B366480BA9717F46 /* Models.swift in Sources */ = {isa = PBXBuildFile; fileRef = 6F5BD313ADB94C1EB73BB48F /* Models.swift */; };
		33F09980A4FC45AFA3F697A4 /* APIClient.swift in Sources */ = {isa = PBXBuildFile; fileRef = EB000929B4CF44EE94A5F9CB /* APIClient.swift */; };
		896DBF8E94084C49814E7D40 /* LiveSportsService.swift in Sources */ = {isa = PBXBuildFile; fileRef = 45026AFB94CD498A8BC51789 /* LiveSportsService.swift */; };
		673840AAA65D4128AB29F04E /* MockSportsService.swift in Sources */ = {isa = PBXBuildFile; fileRef = D0FD259F55E54C73BDE0FFDA /* MockSportsService.swift */; };
		9007FD56414940B6B9F194D9 /* SportsService.swift in Sources */ = {isa = PBXBuildFile; fileRef = 4DB78DB2458140798701CE10 /* SportsService.swift */; };
		05E2A1EA1CD14A668BF29776 /* Theme.swift in Sources */ = {isa = PBXBuildFile; fileRef = 53F23B8FE2A642ADA57B7FAB /* Theme.swift */; };
		F838273EB6424E04AE17396F /* ArticleDetailView.swift in Sources */ = {isa = PBXBuildFile; fileRef = 75BA7D5B6C3D4896A7945B42 /* ArticleDetailView.swift */; };
		76563281475541D48A2292A2 /* ArticlesView.swift in Sources */ = {isa = PBXBuildFile; fileRef = B417EEA4F3A74AAB8995C1C0 /* ArticlesView.swift */; };
		B9664AB83E7D4B7BBE04ACA5 /* AddBetView.swift in Sources */ = {isa = PBXBuildFile; fileRef = 7BF3322302A244C598AB110D /* AddBetView.swift */; };
		EC282FE6797C4ABA9EFBF813 /* MyBetsView.swift in Sources */ = {isa = PBXBuildFile; fileRef = ABD2CB7525E843F1976879D2 /* MyBetsView.swift */; };
		0FD6F6BE82F54100A0EA6FE9 /* PickCard.swift in Sources */ = {isa = PBXBuildFile; fileRef = 8A9B75B75CED4853A3DB0F32 /* PickCard.swift */; };
		7EE2B8958C474736B04AE9BD /* PickDetailView.swift in Sources */ = {isa = PBXBuildFile; fileRef = EEEFD2402D8C46C785E8D6D8 /* PickDetailView.swift */; };
		6EFDC84EC1B7418A9BC278F1 /* PicksView.swift in Sources */ = {isa = PBXBuildFile; fileRef = E473BF5940EA4BB89B5FD1E0 /* PicksView.swift */; };
		386ACBF6BC1E4804902B9898 /* PicksViewModel.swift in Sources */ = {isa = PBXBuildFile; fileRef = 9EC43ADB2A28435EB9A746A4 /* PicksViewModel.swift */; };
		929B7DEE3895451390F86446 /* ProfileView.swift in Sources */ = {isa = PBXBuildFile; fileRef = 7AB0F9A7299C4ABA86375B35 /* ProfileView.swift */; };
		93F96DF414274C84BEFB4FDB /* ScoresView.swift in Sources */ = {isa = PBXBuildFile; fileRef = E42CAD8C4BCC464696F5784E /* ScoresView.swift */; };
/* End PBXBuildFile section */

/* Begin PBXFileReference section */
		2F23B32F08984E2D8075489B /* AppEnvironment.swift */ = {isa = PBXFileReference; lastKnownFileType = sourcecode.swift; path = "AppEnvironment.swift"; sourceTree = "<group>"; };
		520D2580533440C4ADF524C9 /* GalaxySportsEdgeApp.swift */ = {isa = PBXFileReference; lastKnownFileType = sourcecode.swift; path = "GalaxySportsEdgeApp.swift"; sourceTree = "<group>"; };
		F470CBD6A516454CA6F73C82 /* RootView.swift */ = {isa = PBXFileReference; lastKnownFileType = sourcecode.swift; path = "RootView.swift"; sourceTree = "<group>"; };
		A58C5BA93E3B46448C08573E /* BetStore.swift */ = {isa = PBXFileReference; lastKnownFileType = sourcecode.swift; path = "BetStore.swift"; sourceTree = "<group>"; };
		58E3D0BC0D8A42AFB0ED127A /* Components.swift */ = {isa = PBXFileReference; lastKnownFileType = sourcecode.swift; path = "Components.swift"; sourceTree = "<group>"; };
		7FDEBD60116F4A4685D5281A /* Formatting.swift */ = {isa = PBXFileReference; lastKnownFileType = sourcecode.swift; path = "Formatting.swift"; sourceTree = "<group>"; };
		6F5BD313ADB94C1EB73BB48F /* Models.swift */ = {isa = PBXFileReference; lastKnownFileType = sourcecode.swift; path = "Models.swift"; sourceTree = "<group>"; };
		EB000929B4CF44EE94A5F9CB /* APIClient.swift */ = {isa = PBXFileReference; lastKnownFileType = sourcecode.swift; path = "APIClient.swift"; sourceTree = "<group>"; };
		45026AFB94CD498A8BC51789 /* LiveSportsService.swift */ = {isa = PBXFileReference; lastKnownFileType = sourcecode.swift; path = "LiveSportsService.swift"; sourceTree = "<group>"; };
		D0FD259F55E54C73BDE0FFDA /* MockSportsService.swift */ = {isa = PBXFileReference; lastKnownFileType = sourcecode.swift; path = "MockSportsService.swift"; sourceTree = "<group>"; };
		4DB78DB2458140798701CE10 /* SportsService.swift */ = {isa = PBXFileReference; lastKnownFileType = sourcecode.swift; path = "SportsService.swift"; sourceTree = "<group>"; };
		53F23B8FE2A642ADA57B7FAB /* Theme.swift */ = {isa = PBXFileReference; lastKnownFileType = sourcecode.swift; path = "Theme.swift"; sourceTree = "<group>"; };
		75BA7D5B6C3D4896A7945B42 /* ArticleDetailView.swift */ = {isa = PBXFileReference; lastKnownFileType = sourcecode.swift; path = "ArticleDetailView.swift"; sourceTree = "<group>"; };
		B417EEA4F3A74AAB8995C1C0 /* ArticlesView.swift */ = {isa = PBXFileReference; lastKnownFileType = sourcecode.swift; path = "ArticlesView.swift"; sourceTree = "<group>"; };
		7BF3322302A244C598AB110D /* AddBetView.swift */ = {isa = PBXFileReference; lastKnownFileType = sourcecode.swift; path = "AddBetView.swift"; sourceTree = "<group>"; };
		ABD2CB7525E843F1976879D2 /* MyBetsView.swift */ = {isa = PBXFileReference; lastKnownFileType = sourcecode.swift; path = "MyBetsView.swift"; sourceTree = "<group>"; };
		8A9B75B75CED4853A3DB0F32 /* PickCard.swift */ = {isa = PBXFileReference; lastKnownFileType = sourcecode.swift; path = "PickCard.swift"; sourceTree = "<group>"; };
		EEEFD2402D8C46C785E8D6D8 /* PickDetailView.swift */ = {isa = PBXFileReference; lastKnownFileType = sourcecode.swift; path = "PickDetailView.swift"; sourceTree = "<group>"; };
		E473BF5940EA4BB89B5FD1E0 /* PicksView.swift */ = {isa = PBXFileReference; lastKnownFileType = sourcecode.swift; path = "PicksView.swift"; sourceTree = "<group>"; };
		9EC43ADB2A28435EB9A746A4 /* PicksViewModel.swift */ = {isa = PBXFileReference; lastKnownFileType = sourcecode.swift; path = "PicksViewModel.swift"; sourceTree = "<group>"; };
		7AB0F9A7299C4ABA86375B35 /* ProfileView.swift */ = {isa = PBXFileReference; lastKnownFileType = sourcecode.swift; path = "ProfileView.swift"; sourceTree = "<group>"; };
		E42CAD8C4BCC464696F5784E /* ScoresView.swift */ = {isa = PBXFileReference; lastKnownFileType = sourcecode.swift; path = "ScoresView.swift"; sourceTree = "<group>"; };
		22B6E66B62AE4A789A491306 /* Info.plist */ = {isa = PBXFileReference; lastKnownFileType = text.plist.xml; path = Info.plist; sourceTree = "<group>"; };
		A90A694BEDC1472BAF648B08 /* GalaxySportsEdge.app */ = {isa = PBXFileReference; explicitFileType = wrapper.application; includeInIndex = 0; path = GalaxySportsEdge.app; sourceTree = BUILT_PRODUCTS_DIR; };
/* End PBXFileReference section */

/* Begin PBXFrameworksBuildPhase section */
		90338E3916DB4C7D8D1BC124 /* Frameworks */ = {
			isa = PBXFrameworksBuildPhase;
			buildActionMask = 2147483647;
			files = (
			);
			runOnlyForDeploymentPostprocessing = 0;
		};
/* End PBXFrameworksBuildPhase section */

/* Begin PBXGroup section */
		63355D0B7BF744A990F83E7A = {
			isa = PBXGroup;
			children = (
				E00A6DB7CFD645C49CD9E2D8,
				75DE15900B6A4A769A1ADDAD,
			);
			sourceTree = "<group>";
		};
		75DE15900B6A4A769A1ADDAD /* Products */ = {
			isa = PBXGroup;
			children = (
				A90A694BEDC1472BAF648B08 /* GalaxySportsEdge.app */,
			);
			name = Products;
			sourceTree = "<group>";
		};
		E00A6DB7CFD645C49CD9E2D8 /* GalaxySportsEdge */ = {
			isa = PBXGroup;
			children = (
				22B6E66B62AE4A789A491306,
				61273A1019864DCF8CBDCB78,
				66F619258D5741BCA2D2BC6B,
				6848C88363E74F919D43657C,
				6B2F07C369304BB796B17CE0,
				82DF7D994DF04E8A9C9B4891,
				972E090268374F2F8BDE1B53,
				9C7C875EA49A44DBAEA728CE,
				A9F1895B47B8458B8E19C1A0,
				C71F529B891F4E469BCE005F,
			);
			path = GalaxySportsEdge;
			sourceTree = "<group>";
		};
		C71F529B891F4E469BCE005F /* App */ = {
			isa = PBXGroup;
			children = (
				2F23B32F08984E2D8075489B,
				520D2580533440C4ADF524C9,
				F470CBD6A516454CA6F73C82,
			);
			name = "App"; path = "App";
			sourceTree = "<group>";
		};
		6B2F07C369304BB796B17CE0 /* Core */ = {
			isa = PBXGroup;
			children = (
				53F23B8FE2A642ADA57B7FAB,
				58E3D0BC0D8A42AFB0ED127A,
				61273A1019864DCF8CBDCB78,
				66F619258D5741BCA2D2BC6B,
				6F5BD313ADB94C1EB73BB48F,
				7FDEBD60116F4A4685D5281A,
				A58C5BA93E3B46448C08573E,
			);
			name = "Core"; path = "Core";
			sourceTree = "<group>";
		};
		61273A1019864DCF8CBDCB78 /* Networking */ = {
			isa = PBXGroup;
			children = (
				EB000929B4CF44EE94A5F9CB,
			);
			name = "Networking"; path = "Networking";
			sourceTree = "<group>";
		};
		66F619258D5741BCA2D2BC6B /* Services */ = {
			isa = PBXGroup;
			children = (
				45026AFB94CD498A8BC51789,
				4DB78DB2458140798701CE10,
				D0FD259F55E54C73BDE0FFDA,
			);
			name = "Services"; path = "Services";
			sourceTree = "<group>";
		};
		6848C88363E74F919D43657C /* Articles */ = {
			isa = PBXGroup;
			children = (
				75BA7D5B6C3D4896A7945B42,
				B417EEA4F3A74AAB8995C1C0,
			);
			name = "Articles"; path = "Articles";
			sourceTree = "<group>";
		};
		972E090268374F2F8BDE1B53 /* MyBets */ = {
			isa = PBXGroup;
			children = (
				7BF3322302A244C598AB110D,
				ABD2CB7525E843F1976879D2,
			);
			name = "MyBets"; path = "MyBets";
			sourceTree = "<group>";
		};
		82DF7D994DF04E8A9C9B4891 /* Picks */ = {
			isa = PBXGroup;
			children = (
				8A9B75B75CED4853A3DB0F32,
				9EC43ADB2A28435EB9A746A4,
				E473BF5940EA4BB89B5FD1E0,
				EEEFD2402D8C46C785E8D6D8,
			);
			name = "Picks"; path = "Picks";
			sourceTree = "<group>";
		};
		A9F1895B47B8458B8E19C1A0 /* Profile */ = {
			isa = PBXGroup;
			children = (
				7AB0F9A7299C4ABA86375B35,
			);
			name = "Profile"; path = "Profile";
			sourceTree = "<group>";
		};
		9C7C875EA49A44DBAEA728CE /* Scores */ = {
			isa = PBXGroup;
			children = (
				E42CAD8C4BCC464696F5784E,
			);
			name = "Scores"; path = "Scores";
			sourceTree = "<group>";
		};
/* End PBXGroup section */

/* Begin PBXNativeTarget section */
		D0E6A6B3F5B64D5C85614777 /* GalaxySportsEdge */ = {
			isa = PBXNativeTarget;
			buildConfigurationList = 2603D09597D34690B4F85CE1 /* Build configuration list for PBXNativeTarget "GalaxySportsEdge" */;
			buildPhases = (
				88ADAF65D3C747349F96E25A /* Sources */,
				90338E3916DB4C7D8D1BC124 /* Frameworks */,
				5C423319058A43A580493E14 /* Resources */,
			);
			buildRules = (
			);
			dependencies = (
			);
			name = GalaxySportsEdge;
			productName = GalaxySportsEdge;
			productReference = A90A694BEDC1472BAF648B08 /* GalaxySportsEdge.app */;
			productType = "com.apple.product-type.application";
		};
/* End PBXNativeTarget section */

/* Begin PBXProject section */
		8A91DD2BB2CF4712AE4B9C1A /* Project object */ = {
			isa = PBXProject;
			buildConfigurationList = BA993435649D483DA9C65FC9 /* Build configuration list for PBXProject "GalaxySportsEdge" */;
			compatibilityVersion = "Xcode 16.0";
			developmentRegion = en;
			hasScannedForEncodings = 0;
			knownRegions = (
				en,
				Base,
			);
			mainGroup = 63355D0B7BF744A990F83E7A;
			productRefGroup = 75DE15900B6A4A769A1ADDAD /* Products */;
			projectDirPath = "";
			projectRoot = "";
			targets = (
				D0E6A6B3F5B64D5C85614777 /* GalaxySportsEdge */,
			);
		};
/* End PBXProject section */

/* Begin PBXResourcesBuildPhase section */
		5C423319058A43A580493E14 /* Resources */ = {
			isa = PBXResourcesBuildPhase;
			buildActionMask = 2147483647;
			files = (
			);
			runOnlyForDeploymentPostprocessing = 0;
		};
/* End PBXResourcesBuildPhase section */

/* Begin PBXSourcesBuildPhase section */
		88ADAF65D3C747349F96E25A /* Sources */ = {
			isa = PBXSourcesBuildPhase;
			buildActionMask = 2147483647;
			files = (
				E58A0EBBA3B24A73BE922B96 /* AppEnvironment.swift in Sources */,
				1FDB030E8D2C408FB81BFB69 /* GalaxySportsEdgeApp.swift in Sources */,
				A40BC0291DFA46A097C4003B /* RootView.swift in Sources */,
				34F22BAB2912499FAE0291E6 /* BetStore.swift in Sources */,
				3FDF3D17CFE941E69E5A4ED4 /* Components.swift in Sources */,
				AD0DB58FDEE64D7DA9601CF8 /* Formatting.swift in Sources */,
				6E770E44B366480BA9717F46 /* Models.swift in Sources */,
				33F09980A4FC45AFA3F697A4 /* APIClient.swift in Sources */,
				896DBF8E94084C49814E7D40 /* LiveSportsService.swift in Sources */,
				673840AAA65D4128AB29F04E /* MockSportsService.swift in Sources */,
				9007FD56414940B6B9F194D9 /* SportsService.swift in Sources */,
				05E2A1EA1CD14A668BF29776 /* Theme.swift in Sources */,
				F838273EB6424E04AE17396F /* ArticleDetailView.swift in Sources */,
				76563281475541D48A2292A2 /* ArticlesView.swift in Sources */,
				B9664AB83E7D4B7BBE04ACA5 /* AddBetView.swift in Sources */,
				EC282FE6797C4ABA9EFBF813 /* MyBetsView.swift in Sources */,
				0FD6F6BE82F54100A0EA6FE9 /* PickCard.swift in Sources */,
				7EE2B8958C474736B04AE9BD /* PickDetailView.swift in Sources */,
				6EFDC84EC1B7418A9BC278F1 /* PicksView.swift in Sources */,
				386ACBF6BC1E4804902B9898 /* PicksViewModel.swift in Sources */,
				929B7DEE3895451390F86446 /* ProfileView.swift in Sources */,
				93F96DF414274C84BEFB4FDB /* ScoresView.swift in Sources */,
			);
			runOnlyForDeploymentPostprocessing = 0;
		};
/* End PBXSourcesBuildPhase section */

/* Begin XCBuildConfiguration section */
		BFE9C3F3CD3E472B878F2607 /* Debug */ = {
			isa = XCBuildConfiguration;
			buildSettings = {
				ALWAYS_SEARCH_USER_PATHS = NO;
				CLANG_ANALYZER_NONNULL = YES;
				CLANG_ANALYZER_NUMBER_OBJECT_CONVERSION = YES_AGGRESSIVE;
				CLANG_CXX_LANGUAGE_STANDARD = "gnu++20";
				CLANG_ENABLE_MODULES = YES;
				CLANG_ENABLE_OBJC_ARC = YES;
				CLANG_WARN_DOCUMENTATION_COMMENTS = YES;
				CLANG_WARN_UNGUARDED_AVAILABILITY = YES_AGGRESSIVE;
				COPY_PHASE_STRIP = NO;
				DEBUG_INFORMATION_FORMAT = dwarf;
				ENABLE_STRICT_OBJC_MSGSEND = YES;
				ENABLE_TESTABILITY = YES;
				GCC_C_LANGUAGE_STANDARD = gnu17;
				GCC_NO_COMMON_BLOCKS = YES;
				GCC_WARN_UNINITIALIZED_AUTOS = YES_AGGRESSIVE;
				MTL_ENABLE_DEBUG_INFO = INCLUDE_SOURCE;
				MTL_FAST_MATH = YES;
				ONLY_ACTIVE_ARCH = YES;
				SDKROOT = iphoneos;
				SWIFT_ACTIVE_COMPILATION_CONDITIONS = DEBUG;
				SWIFT_OPTIMIZATION_LEVEL = "-Onone";
			};
			name = Debug;
		};
		5E9709A0AAB3473BBF6C2F43 /* Release */ = {
			isa = XCBuildConfiguration;
			buildSettings = {
				ALWAYS_SEARCH_USER_PATHS = NO;
				CLANG_ANALYZER_NONNULL = YES;
				CLANG_ANALYZER_NUMBER_OBJECT_CONVERSION = YES_AGGRESSIVE;
				CLANG_CXX_LANGUAGE_STANDARD = "gnu++20";
				CLANG_ENABLE_MODULES = YES;
				CLANG_ENABLE_OBJC_ARC = YES;
				CLANG_WARN_DOCUMENTATION_COMMENTS = YES;
				CLANG_WARN_UNGUARDED_AVAILABILITY = YES_AGGRESSIVE;
				COPY_PHASE_STRIP = NO;
				DEBUG_INFORMATION_FORMAT = "dwarf-with-dsym";
				ENABLE_NS_ASSERTIONS = NO;
				ENABLE_STRICT_OBJC_MSGSEND = YES;
				GCC_C_LANGUAGE_STANDARD = gnu17;
				GCC_NO_COMMON_BLOCKS = YES;
				GCC_WARN_UNINITIALIZED_AUTOS = YES_AGGRESSIVE;
				MTL_ENABLE_DEBUG_INFO = NO;
				MTL_FAST_MATH = YES;
				SDKROOT = iphoneos;
				SWIFT_COMPILATION_MODE = wholemodule;
				SWIFT_OPTIMIZATION_LEVEL = "-O";
			};
			name = Release;
		};
		F937717AB6414F7F83FD04DF /* Debug */ = {
			isa = XCBuildConfiguration;
			buildSettings = {
				ASSETCATALOG_COMPILER_APPICON_NAME = AppIcon;
				ASSETCATALOG_COMPILER_GLOBAL_ACCENT_COLOR_NAME = AccentColor;
				CODE_SIGN_IDENTITY = "";
				CODE_SIGNING_ALLOWED = NO;
				CODE_SIGN_STYLE = Manual;
				CURRENT_PROJECT_VERSION = 1;
				DEVELOPMENT_TEAM = "";
				GENERATE_INFOPLIST_FILE = NO;
				INFOPLIST_FILE = GalaxySportsEdge/Info.plist;
				INFOPLIST_KEY_UIApplicationSupportsIndirectInputEvents = YES;
				IPHONEOS_DEPLOYMENT_TARGET = 17.0;
				LD_RUNPATH_SEARCH_PATHS = (
					"$(inherited)",
					"@executable_path/Frameworks",
				);
				MARKETING_VERSION = 1.0;
				PRODUCT_BUNDLE_IDENTIFIER = com.galaxysportsedge.app;
				PRODUCT_NAME = "$(TARGET_NAME)";
				SWIFT_EMIT_LOC_STRINGS = YES;
				SWIFT_VERSION = 5.0;
				TARGETED_DEVICE_FAMILY = "1,2";
				PROVISIONING_PROFILE_SPECIFIER = "";
			};
			name = Debug;
		};
		DE4CEB60510C443AAA850D68 /* Release */ = {
			isa = XCBuildConfiguration;
			buildSettings = {
				ASSETCATALOG_COMPILER_APPICON_NAME = AppIcon;
				ASSETCATALOG_COMPILER_GLOBAL_ACCENT_COLOR_NAME = AccentColor;
				CODE_SIGN_IDENTITY = "";
				CODE_SIGNING_ALLOWED = NO;
				CODE_SIGN_STYLE = Manual;
				CURRENT_PROJECT_VERSION = 1;
				DEVELOPMENT_TEAM = "";
				GENERATE_INFOPLIST_FILE = NO;
				INFOPLIST_FILE = GalaxySportsEdge/Info.plist;
				INFOPLIST_KEY_UIApplicationSupportsIndirectInputEvents = YES;
				IPHONEOS_DEPLOYMENT_TARGET = 17.0;
				LD_RUNPATH_SEARCH_PATHS = (
					"$(inherited)",
					"@executable_path/Frameworks",
				);
				MARKETING_VERSION = 1.0;
				PRODUCT_BUNDLE_IDENTIFIER = com.galaxysportsedge.app;
				PRODUCT_NAME = "$(TARGET_NAME)";
				SWIFT_EMIT_LOC_STRINGS = YES;
				SWIFT_VERSION = 5.0;
				TARGETED_DEVICE_FAMILY = "1,2";
				PROVISIONING_PROFILE_SPECIFIER = "";
			};
			name = Release;
		};
/* End XCBuildConfiguration section */

/* Begin XCConfigurationList section */
		BA993435649D483DA9C65FC9 /* Build configuration list for PBXProject "GalaxySportsEdge" */ = {
			isa = XCConfigurationList;
			buildConfigurations = (
				BFE9C3F3CD3E472B878F2607 /* Debug */,
				5E9709A0AAB3473BBF6C2F43 /* Release */,
			);
			defaultConfigurationIsVisible = 0;
			defaultConfigurationName = Release;
		};
		2603D09597D34690B4F85CE1 /* Build configuration list for PBXNativeTarget "GalaxySportsEdge" */ = {
			isa = XCConfigurationList;
			buildConfigurations = (
				F937717AB6414F7F83FD04DF /* Debug */,
				DE4CEB60510C443AAA850D68 /* Release */,
			);
			defaultConfigurationIsVisible = 0;
			defaultConfigurationName = Release;
		};
/* End XCConfigurationList section */
	};
	rootObject = 8A91DD2BB2CF4712AE4B9C1A /* Project object */;
}
